// !$*UTF8*$!
{
	archiveVersion = 1;
	classes = {
	};
	objectVersion = 46;
	objects = {

/* Begin PBXAggregateTarget section */
		8902517AD6DBC88BFE71E563 /* GMSynth - All */ = {
			isa = PBXAggregateTarget;
			buildConfigurationList = BFD6A6C9AF9EEA33F1942307;
			buildPhases = (
			);
			dependencies = (
				D971629175B60A2E018CB3FE,
				B1369AF3B883F5F8A5FBC81B,
				3A88B9C63D8BE58088601564,
			);
			name = "GMSynth - All";
			productName = GMSynth;
		};
/* End PBXAggregateTarget section */

/* Begin PBXBuildFile section */
		00DB6CA769F80B3C529800A9 /* include_juce_audio_plugin_client_Standalone.cpp */ = {isa = PBXBuildFile; fileRef = EB3FC13C5A1642BB7D976A0C; };
		019FD538975B385C9EF35F5B /* include_juce_graphics_libjpg_1.c */ = {isa = PBXBuildFile; fileRef = 49C372125FAC874B6AAA882D; };
		02F15FEF4DF73CD54F57E6BC /* include_juce_audio_utils.mm */ = {isa = PBXBuildFile; fileRef = 3BEC03324A2D4AE41463D6E5; };
		030E72DBEDEDECAA7E9AFC05 /* DiscRecording.framework */ = {isa = PBXBuildFile; fileRef = 4F50A8301A917AF7AF7E9432; };
		0615F4601491D3BACABDCDE1 /* include_juce_audio_basics.mm */ = {isa = PBXBuildFile; fileRef = 3A58E3C0B8040F9F4CF00AEA; };
		171599382DFCEEBEA3B81965 /* AUv3 AppExtension */ = {isa = PBXBuildFile; fileRef = C46658B0577506C2353E96E4; };
		1BAD0D7FDA32A334A7712C45 /* include_juce_audio_devices.mm */ = {isa = PBXBuildFile; fileRef = 714029ECDAD06D1D5D9BC1DA; };
		32844A8CCC8B1FFEF7EB2DA0 /* include_juce_gui_basics_4.cpp */ = {isa = PBXBuildFile; fileRef = 8D19417255BC21CDD6E4AEC5; };
		33800C92955555D2DC0F3F74 /* QuartzCore.framework */ = {isa = PBXBuildFile; fileRef = 30F87F54510DE75918386FD3; };
		363D42192FC8A84644DBD84D /* include_juce_audio_formats_flac_2.c */ = {isa = PBXBuildFile; fileRef = 3CA22716BEF391E1B2D206D7; };
		3F09691A193A227B685796EB /* CoreAudio.framework */ = {isa = PBXBuildFile; fileRef = EBBCB4D76CAB04F773706E15; };
		3F7ED7DA3D3B424965998C88 /* include_juce_data_structures.mm */ = {isa = PBXBuildFile; fileRef = B6E2BE4E0A9034C87BF97932; };
		47B62E24467B8FFB3B5F7C35 /* include_juce_core_CompilationTime.cpp */ = {isa = PBXBuildFile; fileRef = 88A2553F7AD6EEC09D861F0D; };
		4B90B05B8D7F7FF17421C4E7 /* PluginProcessor.cpp */ = {isa = PBXBuildFile; fileRef = 0533A924918D01C9BDCB9A7C; };
		54224716F7935DD0EDBCF1D1 /* CoreMIDI.framework */ = {isa = PBXBuildFile; fileRef = C138658EECCF709729F763DB; };
		551C933AB1D63F1580A5666F /* CoreAudioKit.framework */ = {isa = PBXBuildFile; fileRef = 7A378CD360395AB25C83C8FD; };
		5928BB76BCD53C89337F70E0 /* WebKit.framework */ = {isa = PBXBuildFile; fileRef = 0487311E30920B5DBB7B5438; };
		5C3D8BFE0D33C3316A4F181D /* include_juce_gui_basics_5.cpp */ = {isa = PBXBuildFile; fileRef = 25F9ADCFED68016A6014D869; };
		72CAA1E99C0CE8B1D7DBD626 /* include_juce_audio_formats.mm */ = {isa = PBXBuildFile; fileRef = 6E49BBFE020F7CA0B3605222; };
		73A9B87F4FA7E3F8B9FB472E /* Foundation.framework */ = {isa = PBXBuildFile; fileRef = 0017A7D62A490CBCC4CE9CEC; };
		73F946A309703A585911889B /* include_juce_gui_basics_2.cpp */ = {isa = PBXBuildFile; fileRef = 02443ED1D2EA9E1AAA1BB7C9; };
		7BC00E973BFFF92F2165EB0C /* include_juce_audio_processors_headless.mm */ = {isa = PBXBuildFile; fileRef = 36DB27BEE066CD80F592F522; };
		82A82E0772896640EFFD4B03 /* SecurityScopedFile.mm */ = {isa = PBXBuildFile; fileRef = AC2426A5CB85EF233DFE7889; };
		877864AEB16EC8BD1EA593CF /* AVFoundation.framework */ = {isa = PBXBuildFile; fileRef = B03A6C96EC901F9C03F6E5BE; };
		8A2F17FF672714AE73BA3A22 /* include_juce_core_zlib.c */ = {isa = PBXBuildFile; fileRef = 994324AA3E7E6D7661BA6D18; };
		8DB322E34B2329221E938A0D /* include_juce_gui_basics_3.cpp */ = {isa = PBXBuildFile; fileRef = 26127B9517E0AB8BB807BFB3; };
		8E8F37C1ABCACA8ADA881028 /* include_juce_gui_extra.mm */ = {isa = PBXBuildFile; fileRef = 5F3B89E432D6BC3067582257; };
		8FF3053A9B4FA9B39B3D4E26 /* AudioToolbox.framework */ = {isa = PBXBuildFile; fileRef = F7AB6C7694199B02D94FC9EC; };
		8FFC12404D466B4422C37543 /* FluidSynthEngine.cpp */ = {isa = PBXBuildFile; fileRef = E1D4D8EE13F2E0B0F63A7CD1; };
		95BDE96A382E233C8B0AFF08 /* include_juce_graphics.mm */ = {isa = PBXBuildFile; fileRef = 1E0073E7489FC0E97D059930; };
		A504E32A32FCF70CDEF26F87 /* include_juce_audio_processors.mm */ = {isa = PBXBuildFile; fileRef = 1DE6AE07D1C07B919D957F53; };
		A5E3EFDE4712A03ED91523E9 /* include_juce_audio_formats_flac_1.c */ = {isa = PBXBuildFile; fileRef = 9CF15B4CB69CEB5CEB2A84C6; };
		B3305BBD40ADF58291CB6015 /* Shared Code */ = {isa = PBXBuildFile; fileRef = C2B1CFD54EDD2008FE58ABA4; };
		B57FA509FBC6E2D0C429965C /* Security.framework */ = {isa = PBXBuildFile; fileRef = C08C903615C6EADB0A53D98E; };
		B5F925553CE6021CE6C382E9 /* include_juce_graphics_libjpg_3.c */ = {isa = PBXBuildFile; fileRef = A8DB1C1CC7D12D7DED0C9747; };
		B64041ABE463AA6A9EDE8006 /* Cocoa.framework */ = {isa = PBXBuildFile; fileRef = 6FDDD1B4AB4FF751D4E57774; };
		B7C127D6CF8C6701082D135C /* include_juce_audio_processors_headless_lv2_libs.cpp */ = {isa = PBXBuildFile; fileRef = AD0BC7BC787AA35580A1A898; };
		BBFC72983EFDF8CCB779046A /* MetalKit.framework */ = {isa = PBXBuildFile; fileRef = DE3063761587C99E530ED6D5; settings = { ATTRIBUTES = (Weak, ); }; };
		C1265FE799F7B66112820F6E /* include_juce_audio_plugin_client_ARA.cpp */ = {isa = PBXBuildFile; fileRef = F24BC08E6F6DCB4FE1633330; };
		C6A2C93ED694860E2DFF2083 /* IOKit.framework */ = {isa = PBXBuildFile; fileRef = B3956218D1DB74906407E3F2; };
		D05CBED79A9428A502A61A5A /* include_juce_graphics_libjpg_2.c */ = {isa = PBXBuildFile; fileRef = 60C479A8329246EAE4F4434D; };
		D76AD35B099BAA13F589DE1E /* include_juce_graphics_libpng.c */ = {isa = PBXBuildFile; fileRef = E000B7E507A90668C15F2D24; };
		D8CABE1B9D13562A7FD1B027 /* include_juce_graphics_Harfbuzz.cpp */ = {isa = PBXBuildFile; fileRef = 2DFEB16382262E8854836E44; };
		D9375EB51708FBA55483CB17 /* Metal.framework */ = {isa = PBXBuildFile; fileRef = 2D6220352A3707B9217DFBAA; settings = { ATTRIBUTES = (Weak, ); }; };
		D99B8CEDD7CE36D43985C5AA /* include_juce_audio_processors_headless_ara.cpp */ = {isa = PBXBuildFile; fileRef = AB72E57BDF849ECFF083062A; };
		DA662ABF0A78351C03F10155 /* Accelerate.framework */ = {isa = PBXBuildFile; fileRef = BF6FE9F522D50E460DDB7CBA; };
		DF6889BAC2D09A7C19123024 /* AudioUnit.framework */ = {isa = PBXBuildFile; fileRef = D49C77C8E7A292D102249ABA; };
		E1A01DB9FB5EF896C6314BBB /* include_juce_gui_basics.mm */ = {isa = PBXBuildFile; fileRef = 75572C567FC5B73A2C1FB7CD; };
		E66D418B662983278FAFC166 /* include_juce_graphics_lunasvg.c */ = {isa = PBXBuildFile; fileRef = 42589DC34303A66C6B0E9F8F; };
		E8D46BDDDA0DAAD241965055 /* include_juce_graphics_Sheenbidi.c */ = {isa = PBXBuildFile; fileRef = 5A71DA7EBB937B9237790C1A; };
		EAB8541C9988445A7F411E1B /* Standalone Plugin */ = {isa = PBXBuildFile; fileRef = 11BD5A256F6CCE2A81986202; };
		F0AC69F3F74BC2A96C10A2A0 /* include_juce_core.mm */ = {isa = PBXBuildFile; fileRef = CAD8D8BF3AEB057E9B90BB17; };
		F22845BD36ADD44365211105 /* include_juce_events.mm */ = {isa = PBXBuildFile; fileRef = 9CC0686CEBC6CC39F0F9E92B; };
		F6577D44A4FDE9C2A6DDB0E5 /* include_juce_audio_plugin_client_AUv3.mm */ = {isa = PBXBuildFile; fileRef = A3402E21C20D857ED8B90ED6; };
		F8DB4FECBAC6C77DEB6B4375 /* PluginEditor.cpp */ = {isa = PBXBuildFile; fileRef = 24B87E2E88E7CAC10EE1910F; };
		FB5504369976BD7694F7C714 /* RecentFilesMenuTemplate.nib */ = {isa = PBXBuildFile; fileRef = F9C46E3656DEC06EECC078D3; };
/* End PBXBuildFile section */

/* Begin PBXCopyFilesBuildPhase section */
		EC29877794373E28852AADF3 /* Embed AUv3 App Extension */ = {
			isa = PBXCopyFilesBuildPhase;
			buildActionMask = 2147483647;
			files = (
				171599382DFCEEBEA3B81965,
			);
			name = "Embed AUv3 App Extension";
			runOnlyForDeploymentPostprocessing = 0;
			dstPath = "";
			dstSubfolderSpec = 13;
		};
/* End PBXCopyFilesBuildPhase section */

/* Begin PBXFileReference section */
		0017A7D62A490CBCC4CE9CEC /* Foundation.framework */ /* Foundation.framework */ = {isa = PBXFileReference; lastKnownFileType = wrapper.framework; name = Foundation.framework; path = System/Library/Frameworks/Foundation.framework; sourceTree = SDKROOT; };
		02443ED1D2EA9E1AAA1BB7C9 /* include_juce_gui_basics_2.cpp */ /* include_juce_gui_basics_2.cpp */ = {isa = PBXFileReference; lastKnownFileType = sourcecode.cpp.cpp; name = include_juce_gui_basics_2.cpp; path = ../../JuceLibraryCode/include_juce_gui_basics_2.cpp; sourceTree = SOURCE_ROOT; };
		0487311E30920B5DBB7B5438 /* WebKit.framework */ /* WebKit.framework */ = {isa = PBXFileReference; lastKnownFileType = wrapper.framework; name = WebKit.framework; path = System/Library/Frameworks/WebKit.framework; sourceTree = SDKROOT; };
		0533A924918D01C9BDCB9A7C /* PluginProcessor.cpp */ /* PluginProcessor.cpp */ = {isa = PBXFileReference; lastKnownFileType = sourcecode.cpp.cpp; name = PluginProcessor.cpp; path = ../../Source/PluginProcessor.cpp; sourceTree = SOURCE_ROOT; };
		11BD5A256F6CCE2A81986202 /* Standalone Plugin */ = {isa = PBXFileReference; explicitFileType = wrapper.application; includeInIndex = 0; path = GMSynth.app; sourceTree = BUILT_PRODUCTS_DIR; };
		1A8A17F27E4978C29E789CEB /* juce_audio_basics */ /* juce_audio_basics */ = {isa = PBXFileReference; lastKnownFileType = folder; name = juce_audio_basics; path = ../../external/JUCE/modules/juce_audio_basics; sourceTree = SOURCE_ROOT; };
		1DE6AE07D1C07B919D957F53 /* include_juce_audio_processors.mm */ /* include_juce_audio_processors.mm */ = {isa = PBXFileReference; lastKnownFileType = sourcecode.cpp.objcpp; name = include_juce_audio_processors.mm; path = ../../JuceLibraryCode/include_juce_audio_processors.mm; sourceTree = SOURCE_ROOT; };
		1E0073E7489FC0E97D059930 /* include_juce_graphics.mm */ /* include_juce_graphics.mm */ = {isa = PBXFileReference; lastKnownFileType = sourcecode.cpp.objcpp; name = include_juce_graphics.mm; path = ../../JuceLibraryCode/include_juce_graphics.mm; sourceTree = SOURCE_ROOT; };
		24B87E2E88E7CAC10EE1910F /* PluginEditor.cpp */ /* PluginEditor.cpp */ = {isa = PBXFileReference; lastKnownFileType = sourcecode.cpp.cpp; name = PluginEditor.cpp; path = ../../Source/PluginEditor.cpp; sourceTree = SOURCE_ROOT; };
		25F9ADCFED68016A6014D869 /* include_juce_gui_basics_5.cpp */ /* include_juce_gui_basics_5.cpp */ = {isa = PBXFileReference; lastKnownFileType = sourcecode.cpp.cpp; name = include_juce_gui_basics_5.cpp; path = ../../JuceLibraryCode/include_juce_gui_basics_5.cpp; sourceTree = SOURCE_ROOT; };
		26127B9517E0AB8BB807BFB3 /* include_juce_gui_basics_3.cpp */ /* include_juce_gui_basics_3.cpp */ = {isa = PBXFileReference; lastKnownFileType = sourcecode.cpp.cpp; name = include_juce_gui_basics_3.cpp; path = ../../JuceLibraryCode/include_juce_gui_basics_3.cpp; sourceTree = SOURCE_ROOT; };
		2D6220352A3707B9217DFBAA /* Metal.framework */ /* Metal.framework */ = {isa = PBXFileReference; lastKnownFileType = wrapper.framework; name = Metal.framework; path = System/Library/Frameworks/Metal.framework; sourceTree = SDKROOT; };
		2DFEB16382262E8854836E44 /* include_juce_graphics_Harfbuzz.cpp */ /* include_juce_graphics_Harfbuzz.cpp */ = {isa = PBXFileReference; lastKnownFileType = sourcecode.cpp.cpp; name = include_juce_graphics_Harfbuzz.cpp; path = ../../JuceLibraryCode/include_juce_graphics_Harfbuzz.cpp; sourceTree = SOURCE_ROOT; };
		2F3EF9867CCB578D34B7CC5E /* PluginProcessor.h */ /* PluginProcessor.h */ = {isa = PBXFileReference; lastKnownFileType = sourcecode.c.h; name = PluginProcessor.h; path = ../../Source/PluginProcessor.h; sourceTree = SOURCE_ROOT; };
		30F87F54510DE75918386FD3 /* QuartzCore.framework */ /* QuartzCore.framework */ = {isa = PBXFileReference; lastKnownFileType = wrapper.framework; name = QuartzCore.framework; path = System/Library/Frameworks/QuartzCore.framework; sourceTree = SDKROOT; };
		329D1EA11ADC9456DD6F0723 /* juce_data_structures */ /* juce_data_structures */ = {isa = PBXFileReference; lastKnownFileType = folder; name = juce_data_structures; path = ../../external/JUCE/modules/juce_data_structures; sourceTree = SOURCE_ROOT; };
		36DB27BEE066CD80F592F522 /* include_juce_audio_processors_headless.mm */ /* include_juce_audio_processors_headless.mm */ = {isa = PBXFileReference; lastKnownFileType = sourcecode.cpp.objcpp; name = include_juce_audio_processors_headless.mm; path = ../../JuceLibraryCode/include_juce_audio_processors_headless.mm; sourceTree = SOURCE_ROOT; };
		3A58E3C0B8040F9F4CF00AEA /* include_juce_audio_basics.mm */ /* include_juce_audio_basics.mm */ = {isa = PBXFileReference; lastKnownFileType = sourcecode.cpp.objcpp; name = include_juce_audio_basics.mm; path = ../../JuceLibraryCode/include_juce_audio_basics.mm; sourceTree = SOURCE_ROOT; };
		3BEC03324A2D4AE41463D6E5 /* include_juce_audio_utils.mm */ /* include_juce_audio_utils.mm */ = {isa = PBXFileReference; lastKnownFileType = sourcecode.cpp.objcpp; name = include_juce_audio_utils.mm; path = ../../JuceLibraryCode/include_juce_audio_utils.mm; sourceTree = SOURCE_ROOT; };
		3CA22716BEF391E1B2D206D7 /* include_juce_audio_formats_flac_2.c */ /* include_juce_audio_formats_flac_2.c */ = {isa = PBXFileReference; lastKnownFileType = sourcecode.c.c; name = include_juce_audio_formats_flac_2.c; path = ../../JuceLibraryCode/include_juce_audio_formats_flac_2.c; sourceTree = SOURCE_ROOT; };
		42589DC34303A66C6B0E9F8F /* include_juce_graphics_lunasvg.c */ /* include_juce_graphics_lunasvg.c */ = {isa = PBXFileReference; lastKnownFileType = sourcecode.c.c; name = include_juce_graphics_lunasvg.c; path = ../../JuceLibraryCode/include_juce_graphics_lunasvg.c; sourceTree = SOURCE_ROOT; };
		49C372125FAC874B6AAA882D /* include_juce_graphics_libjpg_1.c */ /* include_juce_graphics_libjpg_1.c */ = {isa = PBXFileReference; lastKnownFileType = sourcecode.c.c; name = include_juce_graphics_libjpg_1.c; path = ../../JuceLibraryCode/include_juce_graphics_libjpg_1.c; sourceTree = SOURCE_ROOT; };
		4B2413B13B5EFC84E95F1E01 /* All.entitlements */ /* All.entitlements */ = {isa = PBXFileReference; lastKnownFileType = text.plist.xml; name = All.entitlements; path = All.entitlements; sourceTree = SOURCE_ROOT; };
		4F50A8301A917AF7AF7E9432 /* DiscRecording.framework */ /* DiscRecording.framework */ = {isa = PBXFileReference; lastKnownFileType = wrapper.framework; name = DiscRecording.framework; path = System/Library/Frameworks/DiscRecording.framework; sourceTree = SDKROOT; };
		591B07E735B37F11DB6F7236 /* Info-Standalone_Plugin.plist */ /* Info-Standalone_Plugin.plist */ = {isa = PBXFileReference; lastKnownFileType = text.plist.xml; name = "Info-Standalone_Plugin.plist"; path = "Info-Standalone_Plugin.plist"; sourceTree = SOURCE_ROOT; };
		5A71DA7EBB937B9237790C1A /* include_juce_graphics_Sheenbidi.c */ /* include_juce_graphics_Sheenbidi.c */ = {isa = PBXFileReference; lastKnownFileType = sourcecode.c.c; name = include_juce_graphics_Sheenbidi.c; path = ../../JuceLibraryCode/include_juce_graphics_Sheenbidi.c; sourceTree = SOURCE_ROOT; };
		5ABE54DCF49F4FE42CAAAEEA /* juce_audio_formats */ /* juce_audio_formats */ = {isa = PBXFileReference; lastKnownFileType = folder; name = juce_audio_formats; path = ../../external/JUCE/modules/juce_audio_formats; sourceTree = SOURCE_ROOT; };
		5D00D1B84EF0E2A2F08C9687 /* juce_audio_plugin_client */ /* juce_audio_plugin_client */ = {isa = PBXFileReference; lastKnownFileType = folder; name = juce_audio_plugin_client; path = ../../external/JUCE/modules/juce_audio_plugin_client; sourceTree = SOURCE_ROOT; };
		5DE2A717B4EFE31D7869A6BE /* juce_core */ /* juce_core */ = {isa = PBXFileReference; lastKnownFileType = folder; name = juce_core; path = ../../external/JUCE/modules/juce_core; sourceTree = SOURCE_ROOT; };
		5F3B89E432D6BC3067582257 /* include_juce_gui_extra.mm */ /* include_juce_gui_extra.mm */ = {isa = PBXFileReference; lastKnownFileType = sourcecode.cpp.objcpp; name = include_juce_gui_extra.mm; path = ../../JuceLibraryCode/include_juce_gui_extra.mm; sourceTree = SOURCE_ROOT; };
		60C479A8329246EAE4F4434D /* include_juce_graphics_libjpg_2.c */ /* include_juce_graphics_libjpg_2.c */ = {isa = PBXFileReference; lastKnownFileType = sourcecode.c.c; name = include_juce_graphics_libjpg_2.c; path = ../../JuceLibraryCode/include_juce_graphics_libjpg_2.c; sourceTree = SOURCE_ROOT; };
		6119076815007984C786CBD0 /* Shared_Code.entitlements */ /* Shared_Code.entitlements */ = {isa = PBXFileReference; lastKnownFileType = text.plist.xml; name = Shared_Code.entitlements; path = Shared_Code.entitlements; sourceTree = SOURCE_ROOT; };
		630C7447C381B69C28FF04C6 /* juce_audio_processors */ /* juce_audio_processors */ = {isa = PBXFileReference; lastKnownFileType = folder; name = juce_audio_processors; path = ../../external/JUCE/modules/juce_audio_processors; sourceTree = SOURCE_ROOT; };
		6E49BBFE020F7CA0B3605222 /* include_juce_audio_formats.mm */ /* include_juce_audio_formats.mm */ = {isa = PBXFileReference; lastKnownFileType = sourcecode.cpp.objcpp; name = include_juce_audio_formats.mm; path = ../../JuceLibraryCode/include_juce_audio_formats.mm; sourceTree = SOURCE_ROOT; };
		6FDDD1B4AB4FF751D4E57774 /* Cocoa.framework */ /* Cocoa.framework */ = {isa = PBXFileReference; lastKnownFileType = wrapper.framework; name = Cocoa.framework; path = System/Library/Frameworks/Cocoa.framework; sourceTree = SDKROOT; };
		714029ECDAD06D1D5D9BC1DA /* include_juce_audio_devices.mm */ /* include_juce_audio_devices.mm */ = {isa = PBXFileReference; lastKnownFileType = sourcecode.cpp.objcpp; name = include_juce_audio_devices.mm; path = ../../JuceLibraryCode/include_juce_audio_devices.mm; sourceTree = SOURCE_ROOT; };
		724BBD45E16B0A0100748399 /* juce_events */ /* juce_events */ = {isa = PBXFileReference; lastKnownFileType = folder; name = juce_events; path = ../../external/JUCE/modules/juce_events; sourceTree = SOURCE_ROOT; };
		75572C567FC5B73A2C1FB7CD /* include_juce_gui_basics.mm */ /* include_juce_gui_basics.mm */ = {isa = PBXFileReference; lastKnownFileType = sourcecode.cpp.objcpp; name = include_juce_gui_basics.mm; path = ../../JuceLibraryCode/include_juce_gui_basics.mm; sourceTree = SOURCE_ROOT; };
		7A378CD360395AB25C83C8FD /* CoreAudioKit.framework */ /* CoreAudioKit.framework */ = {isa = PBXFileReference; lastKnownFileType = wrapper.framework; name = CoreAudioKit.framework; path = System/Library/Frameworks/CoreAudioKit.framework; sourceTree = SDKROOT; };
		7CF18465037E5293B3D2A699 /* juce_gui_extra */ /* juce_gui_extra */ = {isa = PBXFileReference; lastKnownFileType = folder; name = juce_gui_extra; path = ../../external/JUCE/modules/juce_gui_extra; sourceTree = SOURCE_ROOT; };
		81BAAFE3E5D58FB1AC8623BA /* FluidSynthEngine.h */ /* FluidSynthEngine.h */ = {isa = PBXFileReference; lastKnownFileType = sourcecode.c.h; name = FluidSynthEngine.h; path = ../../Source/FluidSynthEngine.h; sourceTree = SOURCE_ROOT; };
		8694C1B1AD5D646515A0DD6D /* juce_audio_devices */ /* juce_audio_devices */ = {isa = PBXFileReference; lastKnownFileType = folder; name = juce_audio_devices; path = ../../external/JUCE/modules/juce_audio_devices; sourceTree = SOURCE_ROOT; };
		88A2553F7AD6EEC09D861F0D /* include_juce_core_CompilationTime.cpp */ /* include_juce_core_CompilationTime.cpp */ = {isa = PBXFileReference; lastKnownFileType = sourcecode.cpp.cpp; name = include_juce_core_CompilationTime.cpp; path = ../../JuceLibraryCode/include_juce_core_CompilationTime.cpp; sourceTree = SOURCE_ROOT; };
		8C60B61DBF32FB9E63162BEB /* juce_audio_utils */ /* juce_audio_utils */ = {isa = PBXFileReference; lastKnownFileType = folder; name = juce_audio_utils; path = ../../external/JUCE/modules/juce_audio_utils; sourceTree = SOURCE_ROOT; };
		8D19417255BC21CDD6E4AEC5 /* include_juce_gui_basics_4.cpp */ /* include_juce_gui_basics_4.cpp */ = {isa = PBXFileReference; lastKnownFileType = sourcecode.cpp.cpp; name = include_juce_gui_basics_4.cpp; path = ../../JuceLibraryCode/include_juce_gui_basics_4.cpp; sourceTree = SOURCE_ROOT; };
		93BCE5C01A64CB5B8FCA3585 /* juce_audio_processors_headless */ /* juce_audio_processors_headless */ = {isa = PBXFileReference; lastKnownFileType = folder; name = juce_audio_processors_headless; path = ../../external/JUCE/modules/juce_audio_processors_headless; sourceTree = SOURCE_ROOT; };
		994324AA3E7E6D7661BA6D18 /* include_juce_core_zlib.c */ /* include_juce_core_zlib.c */ = {isa = PBXFileReference; lastKnownFileType = sourcecode.c.c; name = include_juce_core_zlib.c; path = ../../JuceLibraryCode/include_juce_core_zlib.c; sourceTree = SOURCE_ROOT; };
		9CC0686CEBC6CC39F0F9E92B /* include_juce_events.mm */ /* include_juce_events.mm */ = {isa = PBXFileReference; lastKnownFileType = sourcecode.cpp.objcpp; name = include_juce_events.mm; path = ../../JuceLibraryCode/include_juce_events.mm; sourceTree = SOURCE_ROOT; };
		9CF15B4CB69CEB5CEB2A84C6 /* include_juce_audio_formats_flac_1.c */ /* include_juce_audio_formats_flac_1.c */ = {isa = PBXFileReference; lastKnownFileType = sourcecode.c.c; name = include_juce_audio_formats_flac_1.c; path = ../../JuceLibraryCode/include_juce_audio_formats_flac_1.c; sourceTree = SOURCE_ROOT; };
		A2DBC04156685FC430D7BA00 /* SecurityScopedFile.h */ /* SecurityScopedFile.h */ = {isa = PBXFileReference; lastKnownFileType = sourcecode.c.h; name = SecurityScopedFile.h; path = ../../Source/SecurityScopedFile.h; sourceTree = SOURCE_ROOT; };
		A3402E21C20D857ED8B90ED6 /* include_juce_audio_plugin_client_AUv3.mm */ /* include_juce_audio_plugin_client_AUv3.mm */ = {isa = PBXFileReference; lastKnownFileType = sourcecode.cpp.objcpp; name = include_juce_audio_plugin_client_AUv3.mm; path = ../../JuceLibraryCode/include_juce_audio_plugin_client_AUv3.mm; sourceTree = SOURCE_ROOT; };
		A8DB1C1CC7D12D7DED0C9747 /* include_juce_graphics_libjpg_3.c */ /* include_juce_graphics_libjpg_3.c */ = {isa = PBXFileReference; lastKnownFileType = sourcecode.c.c; name = include_juce_graphics_libjpg_3.c; path = ../../JuceLibraryCode/include_juce_graphics_libjpg_3.c; sourceTree = SOURCE_ROOT; };
		AB72E57BDF849ECFF083062A /* include_juce_audio_processors_headless_ara.cpp */ /* include_juce_audio_processors_headless_ara.cpp */ = {isa = PBXFileReference; lastKnownFileType = sourcecode.cpp.cpp; name = include_juce_audio_processors_headless_ara.cpp; path = ../../JuceLibraryCode/include_juce_audio_processors_headless_ara.cpp; sourceTree = SOURCE_ROOT; };
		AC2426A5CB85EF233DFE7889 /* SecurityScopedFile.mm */ /* SecurityScopedFile.mm */ = {isa = PBXFileReference; lastKnownFileType = sourcecode.cpp.objcpp; name = SecurityScopedFile.mm; path = ../../Source/SecurityScopedFile.mm; sourceTree = SOURCE_ROOT; };
		AD0BC7BC787AA35580A1A898 /* include_juce_audio_processors_headless_lv2_libs.cpp */ /* include_juce_audio_processors_headless_lv2_libs.cpp */ = {isa = PBXFileReference; lastKnownFileType = sourcecode.cpp.cpp; name = include_juce_audio_processors_headless_lv2_libs.cpp; path = ../../JuceLibraryCode/include_juce_audio_processors_headless_lv2_libs.cpp; sourceTree = SOURCE_ROOT; };
		B03A6C96EC901F9C03F6E5BE /* AVFoundation.framework */ /* AVFoundation.framework */ = {isa = PBXFileReference; lastKnownFileType = wrapper.framework; name = AVFoundation.framework; path = System/Library/Frameworks/AVFoundation.framework; sourceTree = SDKROOT; };
		B3956218D1DB74906407E3F2 /* IOKit.framework */ /* IOKit.framework */ = {isa = PBXFileReference; lastKnownFileType = wrapper.framework; name = IOKit.framework; path = System/Library/Frameworks/IOKit.framework; sourceTree = SDKROOT; };
		B6E2BE4E0A9034C87BF97932 /* include_juce_data_structures.mm */ /* include_juce_data_structures.mm */ = {isa = PBXFileReference; lastKnownFileType = sourcecode.cpp.objcpp; name = include_juce_data_structures.mm; path = ../../JuceLibraryCode/include_juce_data_structures.mm; sourceTree = SOURCE_ROOT; };
		BF6FE9F522D50E460DDB7CBA /* Accelerate.framework */ /* Accelerate.framework */ = {isa = PBXFileReference; lastKnownFileType = wrapper.framework; name = Accelerate.framework; path = System/Library/Frameworks/Accelerate.framework; sourceTree = SDKROOT; };
		C080E88623FD52382DDBCCED /* JuceHeader.h */ /* JuceHeader.h */ = {isa = PBXFileReference; lastKnownFileType = sourcecode.c.h; name = JuceHeader.h; path = ../../JuceLibraryCode/JuceHeader.h; sourceTree = SOURCE_ROOT; };
		C08C903615C6EADB0A53D98E /* Security.framework */ /* Security.framework */ = {isa = PBXFileReference; lastKnownFileType = wrapper.framework; name = Security.framework; path = System/Library/Frameworks/Security.framework; sourceTree = SDKROOT; };
		C138658EECCF709729F763DB /* CoreMIDI.framework */ /* CoreMIDI.framework */ = {isa = PBXFileReference; lastKnownFileType = wrapper.framework; name = CoreMIDI.framework; path = System/Library/Frameworks/CoreMIDI.framework; sourceTree = SDKROOT; };
		C2B1CFD54EDD2008FE58ABA4 /* Shared Code */ = {isa = PBXFileReference; explicitFileType = archive.ar; includeInIndex = 0; path = libGMSynth.a; sourceTree = BUILT_PRODUCTS_DIR; };
		C46658B0577506C2353E96E4 /* AUv3 AppExtension */ = {isa = PBXFileReference; explicitFileType = "wrapper.app-extension"; includeInIndex = 0; path = GMSynth.appex; sourceTree = BUILT_PRODUCTS_DIR; };
		CAD8D8BF3AEB057E9B90BB17 /* include_juce_core.mm */ /* include_juce_core.mm */ = {isa = PBXFileReference; lastKnownFileType = sourcecode.cpp.objcpp; name = include_juce_core.mm; path = ../../JuceLibraryCode/include_juce_core.mm; sourceTree = SOURCE_ROOT; };
		CD232DB6DB3D14A070596AFD /* juce_graphics */ /* juce_graphics */ = {isa = PBXFileReference; lastKnownFileType = folder; name = juce_graphics; path = ../../external/JUCE/modules/juce_graphics; sourceTree = SOURCE_ROOT; };
		D097F3B5127537615C41C71C /* JucePluginDefines.h */ /* JucePluginDefines.h */ = {isa = PBXFileReference; lastKnownFileType = sourcecode.c.h; name = JucePluginDefines.h; path = ../../JuceLibraryCode/JucePluginDefines.h; sourceTree = SOURCE_ROOT; };
		D0B33CC35BE4FB0028ED29B6 /* AUv3_AppExtension.entitlements */ /* AUv3_AppExtension.entitlements */ = {isa = PBXFileReference; lastKnownFileType = text.plist.xml; name = AUv3_AppExtension.entitlements; path = AUv3_AppExtension.entitlements; sourceTree = SOURCE_ROOT; };
		D37B36740F1E072B7E770AE9 /* Standalone_Plugin.entitlements */ /* Standalone_Plugin.entitlements */ = {isa = PBXFileReference; lastKnownFileType = text.plist.xml; name = Standalone_Plugin.entitlements; path = Standalone_Plugin.entitlements; sourceTree = SOURCE_ROOT; };
		D49C77C8E7A292D102249ABA /* AudioUnit.framework */ /* AudioUnit.framework */ = {isa = PBXFileReference; lastKnownFileType = wrapper.framework; name = AudioUnit.framework; path = System/Library/Frameworks/AudioUnit.framework; sourceTree = SDKROOT; };
		DE3063761587C99E530ED6D5 /* MetalKit.framework */ /* MetalKit.framework */ = {isa = PBXFileReference; lastKnownFileType = wrapper.framework; name = MetalKit.framework; path = System/Library/Frameworks/MetalKit.framework; sourceTree = SDKROOT; };
		E000B7E507A90668C15F2D24 /* include_juce_graphics_libpng.c */ /* include_juce_graphics_libpng.c */ = {isa = PBXFileReference; lastKnownFileType = sourcecode.c.c; name = include_juce_graphics_libpng.c; path = ../../JuceLibraryCode/include_juce_graphics_libpng.c; sourceTree = SOURCE_ROOT; };
		E1D4D8EE13F2E0B0F63A7CD1 /* FluidSynthEngine.cpp */ /* FluidSynthEngine.cpp */ = {isa = PBXFileReference; lastKnownFileType = sourcecode.cpp.cpp; name = FluidSynthEngine.cpp; path = ../../Source/FluidSynthEngine.cpp; sourceTree = SOURCE_ROOT; };
		E301CEC599FB3068D1748481 /* Info-AUv3_AppExtension.plist */ /* Info-AUv3_AppExtension.plist */ = {isa = PBXFileReference; lastKnownFileType = text.plist.xml; name = "Info-AUv3_AppExtension.plist"; path = "Info-AUv3_AppExtension.plist"; sourceTree = SOURCE_ROOT; };
		EA8B08A8C243E6E5B2AD44B1 /* PluginEditor.h */ /* PluginEditor.h */ = {isa = PBXFileReference; lastKnownFileType = sourcecode.c.h; name = PluginEditor.h; path = ../../Source/PluginEditor.h; sourceTree = SOURCE_ROOT; };
		EB3FC13C5A1642BB7D976A0C /* include_juce_audio_plugin_client_Standalone.cpp */ /* include_juce_audio_plugin_client_Standalone.cpp */ = {isa = PBXFileReference; lastKnownFileType = sourcecode.cpp.cpp; name = include_juce_audio_plugin_client_Standalone.cpp; path = ../../JuceLibraryCode/include_juce_audio_plugin_client_Standalone.cpp; sourceTree = SOURCE_ROOT; };
		EBBCB4D76CAB04F773706E15 /* CoreAudio.framework */ /* CoreAudio.framework */ = {isa = PBXFileReference; lastKnownFileType = wrapper.framework; name = CoreAudio.framework; path = System/Library/Frameworks/CoreAudio.framework; sourceTree = SDKROOT; };
		F24BC08E6F6DCB4FE1633330 /* include_juce_audio_plugin_client_ARA.cpp */ /* include_juce_audio_plugin_client_ARA.cpp */ = {isa = PBXFileReference; lastKnownFileType = sourcecode.cpp.cpp; name = include_juce_audio_plugin_client_ARA.cpp; path = ../../JuceLibraryCode/include_juce_audio_plugin_client_ARA.cpp; sourceTree = SOURCE_ROOT; };
		F7AB6C7694199B02D94FC9EC /* AudioToolbox.framework */ /* AudioToolbox.framework */ = {isa = PBXFileReference; lastKnownFileType = wrapper.framework; name = AudioToolbox.framework; path = System/Library/Frameworks/AudioToolbox.framework; sourceTree = SDKROOT; };
		F9C46E3656DEC06EECC078D3 /* RecentFilesMenuTemplate.nib */ /* RecentFilesMenuTemplate.nib */ = {isa = PBXFileReference; lastKnownFileType = file.nib; name = RecentFilesMenuTemplate.nib; path = RecentFilesMenuTemplate.nib; sourceTree = SOURCE_ROOT; };
		FC3F50DBE617064980C4D940 /* juce_gui_basics */ /* juce_gui_basics */ = {isa = PBXFileReference; lastKnownFileType = folder; name = juce_gui_basics; path = ../../external/JUCE/modules/juce_gui_basics; sourceTree = SOURCE_ROOT; };
/* End PBXFileReference section */

/* Begin PBXFrameworksBuildPhase section */
		02C3299932A069B5F8697686 = {
			isa = PBXFrameworksBuildPhase;
			buildActionMask = 2147483647;
			files = (
				DF6889BAC2D09A7C19123024,
				DA662ABF0A78351C03F10155,
				8FF3053A9B4FA9B39B3D4E26,
				877864AEB16EC8BD1EA593CF,
				B64041ABE463AA6A9EDE8006,
				3F09691A193A227B685796EB,
				551C933AB1D63F1580A5666F,
				54224716F7935DD0EDBCF1D1,
				030E72DBEDEDECAA7E9AFC05,
				73A9B87F4FA7E3F8B9FB472E,
				C6A2C93ED694860E2DFF2083,
				33800C92955555D2DC0F3F74,
				B57FA509FBC6E2D0C429965C,
				5928BB76BCD53C89337F70E0,
				D9375EB51708FBA55483CB17,
				BBFC72983EFDF8CCB779046A,
			);
			runOnlyForDeploymentPostprocessing = 0;
		};
		13C5AA87BD88D2C747C6D990 = {
			isa = PBXFrameworksBuildPhase;
			buildActionMask = 2147483647;
			files = (
				DA662ABF0A78351C03F10155,
				8FF3053A9B4FA9B39B3D4E26,
				B64041ABE463AA6A9EDE8006,
				3F09691A193A227B685796EB,
				551C933AB1D63F1580A5666F,
				54224716F7935DD0EDBCF1D1,
				030E72DBEDEDECAA7E9AFC05,
				73A9B87F4FA7E3F8B9FB472E,
				C6A2C93ED694860E2DFF2083,
				33800C92955555D2DC0F3F74,
				B57FA509FBC6E2D0C429965C,
				5928BB76BCD53C89337F70E0,
				D9375EB51708FBA55483CB17,
				BBFC72983EFDF8CCB779046A,
			);
			runOnlyForDeploymentPostprocessing = 0;
		};
/* End PBXFrameworksBuildPhase section */

/* Begin PBXGroup section */
		0D6D9BEFF6E3A57102EADE0A /* JUCE Modules */ = {
			isa = PBXGroup;
			children = (
				1A8A17F27E4978C29E789CEB,
				8694C1B1AD5D646515A0DD6D,
				5ABE54DCF49F4FE42CAAAEEA,
				5D00D1B84EF0E2A2F08C9687,
				630C7447C381B69C28FF04C6,
				93BCE5C01A64CB5B8FCA3585,
				8C60B61DBF32FB9E63162BEB,
				5DE2A717B4EFE31D7869A6BE,
				329D1EA11ADC9456DD6F0723,
				724BBD45E16B0A0100748399,
				CD232DB6DB3D14A070596AFD,
				FC3F50DBE617064980C4D940,
				7CF18465037E5293B3D2A699,
			);
			name = "JUCE Modules";
			sourceTree = "<group>";
		};
		16981E82271D20144B3AD8E2 /* Source */ = {
			isa = PBXGroup;
			children = (
				9EFAFD1460D8DCBD8373D9F3,
				0D6D9BEFF6E3A57102EADE0A,
				ED0981A1593D3D4063C7B007,
				EB8D8994BE72DD7F9A35DAF9,
				FD88AE5A2E599C9DAB75EBC5,
				B47B6FD9F9AEEB893469BB64,
			);
			name = Source;
			sourceTree = "<group>";
		};
		1833A263EC1836F692FA1354 /* Source */ = {
			isa = PBXGroup;
			children = (
				0533A924918D01C9BDCB9A7C,
				2F3EF9867CCB578D34B7CC5E,
				24B87E2E88E7CAC10EE1910F,
				EA8B08A8C243E6E5B2AD44B1,
				E1D4D8EE13F2E0B0F63A7CD1,
				81BAAFE3E5D58FB1AC8623BA,
				AC2426A5CB85EF233DFE7889,
				A2DBC04156685FC430D7BA00,
			);
			name = Source;
			sourceTree = "<group>";
		};
		9EFAFD1460D8DCBD8373D9F3 /* GMSynth */ = {
			isa = PBXGroup;
			children = (
				1833A263EC1836F692FA1354,
			);
			name = GMSynth;
			sourceTree = "<group>";
		};
		B47B6FD9F9AEEB893469BB64 /* Products */ = {
			isa = PBXGroup;
			children = (
				C46658B0577506C2353E96E4,
				11BD5A256F6CCE2A81986202,
				C2B1CFD54EDD2008FE58ABA4,
			);
			name = Products;
			sourceTree = "<group>";
		};
		EB8D8994BE72DD7F9A35DAF9 /* Resources */ = {
			isa = PBXGroup;
			children = (
				E301CEC599FB3068D1748481,
				591B07E735B37F11DB6F7236,
				F9C46E3656DEC06EECC078D3,
			);
			name = Resources;
			sourceTree = "<group>";
		};
		ED0981A1593D3D4063C7B007 /* JUCE Library Code */ = {
			isa = PBXGroup;
			children = (
				3A58E3C0B8040F9F4CF00AEA,
				714029ECDAD06D1D5D9BC1DA,
				6E49BBFE020F7CA0B3605222,
				9CF15B4CB69CEB5CEB2A84C6,
				3CA22716BEF391E1B2D206D7,
				F24BC08E6F6DCB4FE1633330,
				A3402E21C20D857ED8B90ED6,
				EB3FC13C5A1642BB7D976A0C,
				1DE6AE07D1C07B919D957F53,
				36DB27BEE066CD80F592F522,
				AB72E57BDF849ECFF083062A,
				AD0BC7BC787AA35580A1A898,
				3BEC03324A2D4AE41463D6E5,
				CAD8D8BF3AEB057E9B90BB17,
				88A2553F7AD6EEC09D861F0D,
				994324AA3E7E6D7661BA6D18,
				B6E2BE4E0A9034C87BF97932,
				9CC0686CEBC6CC39F0F9E92B,
				1E0073E7489FC0E97D059930,
				2DFEB16382262E8854836E44,
				49C372125FAC874B6AAA882D,
				60C479A8329246EAE4F4434D,
				A8DB1C1CC7D12D7DED0C9747,
				E000B7E507A90668C15F2D24,
				42589DC34303A66C6B0E9F8F,
				5A71DA7EBB937B9237790C1A,
				75572C567FC5B73A2C1FB7CD,
				02443ED1D2EA9E1AAA1BB7C9,
				26127B9517E0AB8BB807BFB3,
				8D19417255BC21CDD6E4AEC5,
				25F9ADCFED68016A6014D869,
				5F3B89E432D6BC3067582257,
				C080E88623FD52382DDBCCED,
				D097F3B5127537615C41C71C,
			);
			name = "JUCE Library Code";
			sourceTree = "<group>";
		};
		FD88AE5A2E599C9DAB75EBC5 /* Frameworks */ = {
			isa = PBXGroup;
			children = (
				D49C77C8E7A292D102249ABA,
				BF6FE9F522D50E460DDB7CBA,
				F7AB6C7694199B02D94FC9EC,
				B03A6C96EC901F9C03F6E5BE,
				6FDDD1B4AB4FF751D4E57774,
				EBBCB4D76CAB04F773706E15,
				7A378CD360395AB25C83C8FD,
				C138658EECCF709729F763DB,
				4F50A8301A917AF7AF7E9432,
				0017A7D62A490CBCC4CE9CEC,
				B3956218D1DB74906407E3F2,
				30F87F54510DE75918386FD3,
				C08C903615C6EADB0A53D98E,
				0487311E30920B5DBB7B5438,
				2D6220352A3707B9217DFBAA,
				DE3063761587C99E530ED6D5,
			);
			name = Frameworks;
			sourceTree = "<group>";
		};
/* End PBXGroup section */

/* Begin PBXNativeTarget section */
		0BF57F21B47D24E413226E16 /* GMSynth - AUv3 AppExtension */ = {
			isa = PBXNativeTarget;
			buildConfigurationList = F3F34BB0C799C445949AA00F;
			buildPhases = (
				9216D557BCF98015C320B239,
				22CEFCCFAA8386E2EF72DF34,
				6C1CA3898C16D8973F1757F0,
				02C3299932A069B5F8697686,
			);
			buildRules = (
			);
			dependencies = (
				67A5C43E02C6D44E1734B302,
			);
			name = "GMSynth - AUv3 AppExtension";
			productName = GMSynth;
			productReference = C46658B0577506C2353E96E4;
			productType = "com.apple.product-type.app-extension";
		};
		8DC6A26D4001F9F5E97E7CA4 /* GMSynth - Shared Code */ = {
			isa = PBXNativeTarget;
			buildConfigurationList = 8AD0A86CC96E12AD96C6B54D;
			buildPhases = (
				05CCB1BCFF4E445E615CADB0,
				5044D9038293DC0C838A565D,
			);
			buildRules = (
			);
			dependencies = (
			);
			name = "GMSynth - Shared Code";
			productName = GMSynth;
			productReference = C2B1CFD54EDD2008FE58ABA4;
			productType = "com.apple.product-type.library.static";
		};
		9B6BCC72C845495971365D93 /* GMSynth - Standalone Plugin */ = {
			isa = PBXNativeTarget;
			buildConfigurationList = 760925AD6999FC4CFA8B7FAD;
			buildPhases = (
				A3BE90D6BC9AD8C26DF4CFF1,
				CE5F19A521ABB8213F808AA8,
				6541180E2B71D8A186CCADA8,
				13C5AA87BD88D2C747C6D990,
				EC29877794373E28852AADF3,
			);
			buildRules = (
			);
			dependencies = (
				2DF58FBC2F3692CE15FE51F0,
				92C57DD4CAD93DD99FF57765,
			);
			name = "GMSynth - Standalone Plugin";
			productName = GMSynth;
			productReference = 11BD5A256F6CCE2A81986202;
			productType = "com.apple.product-type.application";
		};
/* End PBXNativeTarget section */

/* Begin PBXProject section */
		6DBCDAF91010C8AB30F5BAD5 = {
			isa = PBXProject;
			attributes = {
				BuildIndependentTargetsInParallel = YES;
				LastUpgradeCheck = 1340;
				ORGANIZATIONNAME = "STUDIO-R";
				TargetAttributes = {
					0BF57F21B47D24E413226E16 = {
						SystemCapabilities = {
							com.apple.ApplicationGroups.iOS = {
								enabled = 0;
							};
							com.apple.HardenedRuntime = {
								enabled = 1;
							};
							com.apple.InAppPurchase = {
								enabled = 0;
							};
							com.apple.InterAppAudio = {
								enabled = 0;
							};
							com.apple.Push = {
								enabled = 0;
							};
							com.apple.Sandbox = {
								enabled = 1;
							};
						};
					};
					8902517AD6DBC88BFE71E563 = {
						SystemCapabilities = {
							com.apple.ApplicationGroups.iOS = {
								enabled = 0;
							};
							com.apple.HardenedRuntime = {
								enabled = 1;
							};
							com.apple.InAppPurchase = {
								enabled = 0;
							};
							com.apple.InterAppAudio = {
								enabled = 0;
							};
							com.apple.Push = {
								enabled = 0;
							};
							com.apple.Sandbox = {
								enabled = 1;
							};
						};
					};
					8DC6A26D4001F9F5E97E7CA4 = {
						SystemCapabilities = {
							com.apple.ApplicationGroups.iOS = {
								enabled = 0;
							};
							com.apple.HardenedRuntime = {
								enabled = 1;
							};
							com.apple.InAppPurchase = {
								enabled = 0;
							};
							com.apple.InterAppAudio = {
								enabled = 0;
							};
							com.apple.Push = {
								enabled = 0;
							};
							com.apple.Sandbox = {
								enabled = 1;
							};
						};
					};
					9B6BCC72C845495971365D93 = {
						SystemCapabilities = {
							com.apple.ApplicationGroups.iOS = {
								enabled = 0;
							};
							com.apple.HardenedRuntime = {
								enabled = 1;
							};
							com.apple.InAppPurchase = {
								enabled = 0;
							};
							com.apple.InterAppAudio = {
								enabled = 0;
							};
							com.apple.Push = {
								enabled = 0;
							};
							com.apple.Sandbox = {
								enabled = 1;
							};
						};
					};
				};
			};
			buildConfigurationList = FAD80D123924510BEAB1247C;
			compatibilityVersion = "Xcode 3.2";
			hasScannedForEncodings = 0;
			knownRegions = (
				en,
				Base,
			);
			mainGroup = 16981E82271D20144B3AD8E2;
			projectDirPath = "";
			projectRoot = "";
			targets = (
				8902517AD6DBC88BFE71E563,
				0BF57F21B47D24E413226E16,
				9B6BCC72C845495971365D93,
				8DC6A26D4001F9F5E97E7CA4,
			);
		};
/* End PBXProject section */

/* Begin PBXResourcesBuildPhase section */
		22CEFCCFAA8386E2EF72DF34 = {
			isa = PBXResourcesBuildPhase;
			buildActionMask = 2147483647;
			files = (
				FB5504369976BD7694F7C714,
			);
			runOnlyForDeploymentPostprocessing = 0;
		};
		CE5F19A521ABB8213F808AA8 = {
			isa = PBXResourcesBuildPhase;
			buildActionMask = 2147483647;
			files = (
				FB5504369976BD7694F7C714,
			);
			runOnlyForDeploymentPostprocessing = 0;
		};
/* End PBXResourcesBuildPhase section */

/* Begin PBXShellScriptBuildPhase section */
		05CCB1BCFF4E445E615CADB0 /* Run Pre-Build Script */ = {
			isa = PBXShellScriptBuildPhase;
			buildActionMask = 2147483647;
			files = (
			);
			runOnlyForDeploymentPostprocessing = 0;
			name = "Run Pre-Build Script";
			alwaysOutOfDate = 1;
			shellPath = /bin/sh;
			shellScript = "sh \"$SRCROOT/../../scripts/build_fluidsynth.sh\"";
		};
		9216D557BCF98015C320B239 /* Run Pre-Build Script */ = {
			isa = PBXShellScriptBuildPhase;
			buildActionMask = 2147483647;
			files = (
			);
			runOnlyForDeploymentPostprocessing = 0;
			name = "Run Pre-Build Script";
			alwaysOutOfDate = 1;
			shellPath = /bin/sh;
			shellScript = "sh \"$SRCROOT/../../scripts/build_fluidsynth.sh\"";
		};
		A3BE90D6BC9AD8C26DF4CFF1 /* Run Pre-Build Script */ = {
			isa = PBXShellScriptBuildPhase;
			buildActionMask = 2147483647;
			files = (
			);
			runOnlyForDeploymentPostprocessing = 0;
			name = "Run Pre-Build Script";
			alwaysOutOfDate = 1;
			shellPath = /bin/sh;
			shellScript = "sh \"$SRCROOT/../../scripts/build_fluidsynth.sh\"";
		};
/* End PBXShellScriptBuildPhase section */

/* Begin PBXSourcesBuildPhase section */
		5044D9038293DC0C838A565D = {
			isa = PBXSourcesBuildPhase;
			buildActionMask = 2147483647;
			files = (
				4B90B05B8D7F7FF17421C4E7,
				F8DB4FECBAC6C77DEB6B4375,
				8FFC12404D466B4422C37543,
				82A82E0772896640EFFD4B03,
				0615F4601491D3BACABDCDE1,
				1BAD0D7FDA32A334A7712C45,
				72CAA1E99C0CE8B1D7DBD626,
				A5E3EFDE4712A03ED91523E9,
				363D42192FC8A84644DBD84D,
				C1265FE799F7B66112820F6E,
				A504E32A32FCF70CDEF26F87,
				7BC00E973BFFF92F2165EB0C,
				D99B8CEDD7CE36D43985C5AA,
				B7C127D6CF8C6701082D135C,
				02F15FEF4DF73CD54F57E6BC,
				F0AC69F3F74BC2A96C10A2A0,
				47B62E24467B8FFB3B5F7C35,
				8A2F17FF672714AE73BA3A22,
				3F7ED7DA3D3B424965998C88,
				F22845BD36ADD44365211105,
				95BDE96A382E233C8B0AFF08,
				D8CABE1B9D13562A7FD1B027,
				019FD538975B385C9EF35F5B,
				D05CBED79A9428A502A61A5A,
				B5F925553CE6021CE6C382E9,
				D76AD35B099BAA13F589DE1E,
				E66D418B662983278FAFC166,
				E8D46BDDDA0DAAD241965055,
				E1A01DB9FB5EF896C6314BBB,
				73F946A309703A585911889B,
				8DB322E34B2329221E938A0D,
				32844A8CCC8B1FFEF7EB2DA0,
				5C3D8BFE0D33C3316A4F181D,
				8E8F37C1ABCACA8ADA881028,
			);
			runOnlyForDeploymentPostprocessing = 0;
		};
		6541180E2B71D8A186CCADA8 = {
			isa = PBXSourcesBuildPhase;
			buildActionMask = 2147483647;
			files = (
				00DB6CA769F80B3C529800A9,
			);
			runOnlyForDeploymentPostprocessing = 0;
		};
		6C1CA3898C16D8973F1757F0 = {
			isa = PBXSourcesBuildPhase;
			buildActionMask = 2147483647;
			files = (
				F6577D44A4FDE9C2A6DDB0E5,
			);
			runOnlyForDeploymentPostprocessing = 0;
		};
/* End PBXSourcesBuildPhase section */

/* Begin PBXTargetDependency section */
		2DF58FBC2F3692CE15FE51F0 = {
			isa = PBXTargetDependency;
			target = 8DC6A26D4001F9F5E97E7CA4;
		};
		3A88B9C63D8BE58088601564 = {
			isa = PBXTargetDependency;
			target = 8DC6A26D4001F9F5E97E7CA4;
		};
		67A5C43E02C6D44E1734B302 = {
			isa = PBXTargetDependency;
			target = 8DC6A26D4001F9F5E97E7CA4;
		};
		92C57DD4CAD93DD99FF57765 = {
			isa = PBXTargetDependency;
			target = 0BF57F21B47D24E413226E16;
		};
		B1369AF3B883F5F8A5FBC81B = {
			isa = PBXTargetDependency;
			target = 9B6BCC72C845495971365D93;
		};
		D971629175B60A2E018CB3FE = {
			isa = PBXTargetDependency;
			target = 0BF57F21B47D24E413226E16;
		};
/* End PBXTargetDependency section */

/* Begin XCBuildConfiguration section */
		0046144DA9329FFE0070A7BA /* Debug */ = {
			isa = XCBuildConfiguration;
			buildSettings = {
				CLANG_CXX_LANGUAGE_STANDARD = "c++17";
				CLANG_CXX_LIBRARY = "libc++";
				CLANG_LINK_OBJC_RUNTIME = NO;
				CODE_SIGN_ENTITLEMENTS = "Standalone_Plugin.entitlements";
				CODE_SIGN_IDENTITY = "-";
				CODE_SIGN_STYLE = Manual;
				COMBINE_HIDPI_IMAGES = YES;
				CONFIGURATION_BUILD_DIR = "$(PROJECT_DIR)/build/$(CONFIGURATION)";
				COPY_PHASE_STRIP = NO;
				DEPLOYMENT_POSTPROCESSING = NO;
				ENABLE_HARDENED_RUNTIME = YES;
				EXCLUDED_ARCHS = "";
				GCC_DYNAMIC_NO_PIC = NO;
				GCC_OPTIMIZATION_LEVEL = 0;
				GCC_PREPROCESSOR_DEFINITIONS = (
					"_DEBUG=1",
					"DEBUG=1",
					"JUCE_PROJUCER_VERSION=0x90000",
					"JUCE_MODULE_AVAILABLE_juce_audio_basics=1",
					"JUCE_MODULE_AVAILABLE_juce_audio_devices=1",
					"JUCE_MODULE_AVAILABLE_juce_audio_formats=1",
					"JUCE_MODULE_AVAILABLE_juce_audio_plugin_client=1",
					"JUCE_MODULE_AVAILABLE_juce_audio_processors=1",
					"JUCE_MODULE_AVAILABLE_juce_audio_processors_headless=1",
					"JUCE_MODULE_AVAILABLE_juce_audio_utils=1",
					"JUCE_MODULE_AVAILABLE_juce_core=1",
					"JUCE_MODULE_AVAILABLE_juce_data_structures=1",
					"JUCE_MODULE_AVAILABLE_juce_events=1",
					"JUCE_MODULE_AVAILABLE_juce_graphics=1",
					"JUCE_MODULE_AVAILABLE_juce_gui_basics=1",
					"JUCE_MODULE_AVAILABLE_juce_gui_extra=1",
					"JUCE_GLOBAL_MODULE_SETTINGS_INCLUDED=1",
					"JUCE_VST3_CAN_REPLACE_VST2=0",
					"JUCE_STRICT_REFCOUNTEDPOINTER=1",
					"JucePlugin_Build_VST=0",
					"JucePlugin_Build_VST3=0",
					"JucePlugin_Build_AU=0",
					"JucePlugin_Build_AUv3=0",
					"JucePlugin_Build_AAX=0",
					"JucePlugin_Build_Standalone=1",
					"JucePlugin_Build_Unity=0",
					"JucePlugin_Build_LV2=0",
					"JucePlugin_Enable_IAA=0",
					"JucePlugin_Enable_ARA=0",
					"JucePlugin_Name=\\\"GMSynth\\\"",
					"JucePlugin_Desc=\\\"GMSynth\\\"",
					"JucePlugin_Manufacturer=\\\"STUDIO-R\\\"",
					"JucePlugin_ManufacturerWebsite=\\\"studio-r.tokyo\\\"",
					"JucePlugin_ManufacturerEmail=\\\"\\\"",
					"JucePlugin_ManufacturerCode=0x52696e32",
					"JucePlugin_PluginCode=0x476d5379",
					"JucePlugin_IsSynth=1",
					"JucePlugin_WantsMidiInput=1",
					"JucePlugin_ProducesMidiOutput=0",
					"JucePlugin_IsMidiEffect=0",
					"JucePlugin_EditorRequiresKeyboardFocus=0",
					"JucePlugin_Version=0.0.1",
					"JucePlugin_VersionCode=0x1",
					"JucePlugin_VersionString=\\\"0.0.1\\\"",
					"JucePlugin_VSTUniqueID=JucePlugin_PluginCode",
					"JucePlugin_VSTCategory=kPlugCategSynth",
					"JucePlugin_LV2PluginClass=InstrumentPlugin",
					"JucePlugin_Vst3Category=\\\"Instrument|Synth\\\"",
					"JucePlugin_AUMainType=\\'aumu\\'",
					"JucePlugin_AUSubType=JucePlugin_PluginCode",
					"JucePlugin_AUExportPrefix=GMSynthAU",
					"JucePlugin_AUExportPrefixQuoted=\\\"GMSynthAU\\\"",
					"JucePlugin_AUManufacturerCode=JucePlugin_ManufacturerCode",
					"JucePlugin_CFBundleIdentifier=tokyo.studio-r.gmsynth",
					"JucePlugin_AAXIdentifier=com.STUDIOR.GMSynth",
					"JucePlugin_AAXManufacturerCode=JucePlugin_ManufacturerCode",
					"JucePlugin_AAXProductId=JucePlugin_PluginCode",
					"JucePlugin_AAXCategory=2048",
					"JucePlugin_AAXDisableBypass=0",
					"JucePlugin_AAXDisableMultiMono=0",
					"JucePlugin_IAAType=0x61757269",
					"JucePlugin_IAASubType=JucePlugin_PluginCode",
					"JucePlugin_IAAName=\\\"STUDIO-R:\\ GMSynth\\\"",
					"JucePlugin_VSTNumMidiInputs=16",
					"JucePlugin_VSTNumMidiOutputs=16",
					"JucePlugin_ARAContentTypes=0",
					"JucePlugin_ARATransformationFlags=0",
					"JucePlugin_ARAFactoryID=\\\"com.STUDIOR.GMSynth.factory\\\"",
					"JucePlugin_ARADocumentArchiveID=\\\"com.STUDIOR.GMSynth.aradocumentarchive.0.0.1\\\"",
					"JucePlugin_ARACompatibleArchiveIDs=\\\"\\\"",
					"JucePlugin_MaxNumInputChannels=0",
					"JucePlugin_MaxNumOutputChannels=2",
					"JucePlugin_PreferredChannelConfigurations={0,2}",
					"JUCE_STANDALONE_APPLICATION=JucePlugin_Build_Standalone",
					"JUCER_XCODE_MAC_F6D2F4CF=1",
					"JUCE_APP_VERSION=0.0.1",
					"JUCE_APP_VERSION_HEX=0x1",
				);
				GCC_VERSION = com.apple.compilers.llvm.clang.1_0;
				HEADER_SEARCH_PATHS = (
					"$(SRCROOT)/../../JuceLibraryCode",
					"$(SRCROOT)/../../external/JUCE/modules",
					"$(SRCROOT)/../../external/fluidsynth/build/include",
					"$(SRCROOT)/../../external/fluidsynth/include",
					"$(SRCROOT)/../../external/JUCE/modules/juce_audio_plugin_client/AU",
					"$(inherited)",
				);
				INFOPLIST_FILE = Info-Standalone_Plugin.plist;
				INFOPLIST_PREPROCESS = NO;
				MACOSX_DEPLOYMENT_TARGET = 10.13;
				MTL_HEADER_SEARCH_PATHS = "$(SRCROOT)/../../JuceLibraryCode $(SRCROOT)/../../external/JUCE/modules $(SRCROOT)/../../external/fluidsynth/build/include $(SRCROOT)/../../external/fluidsynth/include $(SRCROOT)/../../external/JUCE/modules/juce_audio_plugin_client/AU";
				OTHER_CFLAGS = "$(inherited)";
				OTHER_CPLUSPLUSFLAGS = "$(inherited)";
				OTHER_LDFLAGS = "$(inherited) -lGMSynth -L$(SRCROOT)/../../external/fluidsynth/build/src -lfluidsynth";
				PRODUCT_BUNDLE_IDENTIFIER = tokyo.studio-r.gmsynth;
				PRODUCT_NAME = "GMSynth";
				PROVISIONING_PROFILE_SPECIFIER = "";
				USE_HEADERMAP = NO;
				VALID_ARCHS = "i386 x86_64 arm64 arm64e";
			};
			name = Debug;
		};
		114B196B64898CF701F7B794 /* Release */ = {
			isa = XCBuildConfiguration;
			buildSettings = {
				MACOSX_DEPLOYMENT_TARGET = 10.13;
				SDKROOT = macosx;
			};
			name = Release;
		};
		1ED4A2E782F357C36E3BD046 /* Debug */ = {
			isa = XCBuildConfiguration;
			buildSettings = {
				MACOSX_DEPLOYMENT_TARGET = 10.13;
				SDKROOT = macosx;
			};
			name = Debug;
		};
		313D7E720F0318AEFED795C2 /* Debug */ = {
			isa = XCBuildConfiguration;
			buildSettings = {
				ALWAYS_SEARCH_USER_PATHS = NO;
				CLANG_ENABLE_OBJC_WEAK = YES;
				CLANG_WARN_BLOCK_CAPTURE_AUTORELEASING = YES;
				CLANG_WARN_BOOL_CONVERSION = YES;
				CLANG_WARN_COMMA = YES;
				CLANG_WARN_CONSTANT_CONVERSION = YES;
				CLANG_WARN_DEPRECATED_OBJC_IMPLEMENTATIONS = YES;
				CLANG_WARN_EMPTY_BODY = YES;
				CLANG_WARN_ENUM_CONVERSION = YES;
				CLANG_WARN_INFINITE_RECURSION = YES;
				CLANG_WARN_INT_CONVERSION = YES;
				CLANG_WARN_NON_LITERAL_NULL_CONVERSION = YES;
				CLANG_WARN_OBJC_IMPLICIT_RETAIN_SELF = YES;
				CLANG_WARN_OBJC_LITERAL_CONVERSION = YES;
				CLANG_WARN_RANGE_LOOP_ANALYSIS = YES;
				CLANG_WARN_STRICT_PROTOTYPES = YES;
				CLANG_WARN_SUSPICIOUS_MOVE = YES;
				CLANG_WARN_UNREACHABLE_CODE = YES;
				CLANG_WARN__DUPLICATE_METHOD_MATCH = YES;
				CODE_SIGN_IDENTITY = "-";
				DEBUG_INFORMATION_FORMAT = dwarf;
				ENABLE_STRICT_OBJC_MSGSEND = YES;
				ENABLE_TESTABILITY = NO;
				GCC_C_LANGUAGE_STANDARD = c11;
				GCC_INLINES_ARE_PRIVATE_EXTERN = YES;
				GCC_MODEL_TUNING = G5;
				GCC_NO_COMMON_BLOCKS = YES;
				GCC_SYMBOLS_PRIVATE_EXTERN = YES;
				GCC_WARN_64_TO_32_BIT_CONVERSION = YES;
				GCC_WARN_ABOUT_RETURN_TYPE = YES;
				GCC_WARN_CHECK_SWITCH_STATEMENTS = YES;
				GCC_WARN_MISSING_PARENTHESES = YES;
				GCC_WARN_NON_VIRTUAL_DESTRUCTOR = YES;
				GCC_WARN_TYPECHECK_CALLS_TO_PRINTF = YES;
				GCC_WARN_UNDECLARED_SELECTOR = YES;
				GCC_WARN_UNINITIALIZED_AUTOS = YES;
				GCC_WARN_UNUSED_FUNCTION = YES;
				GCC_WARN_UNUSED_VARIABLE = YES;
				ONLY_ACTIVE_ARCH = YES;
				PRODUCT_NAME = "GMSynth";
				SDKROOT = macosx;
				WARNING_CFLAGS = "-Wreorder";
				ZERO_LINK = NO;
			};
			name = Debug;
		};
		4AEC4493EB5A700842A4D77F /* Release */ = {
			isa = XCBuildConfiguration;
			buildSettings = {
				ALWAYS_SEARCH_USER_PATHS = NO;
				CLANG_ENABLE_OBJC_WEAK = YES;
				CLANG_WARN_BLOCK_CAPTURE_AUTORELEASING = YES;
				CLANG_WARN_BOOL_CONVERSION = YES;
				CLANG_WARN_COMMA = YES;
				CLANG_WARN_CONSTANT_CONVERSION = YES;
				CLANG_WARN_DEPRECATED_OBJC_IMPLEMENTATIONS = YES;
				CLANG_WARN_EMPTY_BODY = YES;
				CLANG_WARN_ENUM_CONVERSION = YES;
				CLANG_WARN_INFINITE_RECURSION = YES;
				CLANG_WARN_INT_CONVERSION = YES;
				CLANG_WARN_NON_LITERAL_NULL_CONVERSION = YES;
				CLANG_WARN_OBJC_IMPLICIT_RETAIN_SELF = YES;
				CLANG_WARN_OBJC_LITERAL_CONVERSION = YES;
				CLANG_WARN_RANGE_LOOP_ANALYSIS = YES;
				CLANG_WARN_STRICT_PROTOTYPES = YES;
				CLANG_WARN_SUSPICIOUS_MOVE = YES;
				CLANG_WARN_UNREACHABLE_CODE = YES;
				CLANG_WARN__DUPLICATE_METHOD_MATCH = YES;
				CODE_SIGN_IDENTITY = "-";
				DEBUG_INFORMATION_FORMAT = dwarf;
				ENABLE_STRICT_OBJC_MSGSEND = YES;
				ENABLE_TESTABILITY = NO;
				GCC_C_LANGUAGE_STANDARD = c11;
				GCC_INLINES_ARE_PRIVATE_EXTERN = YES;
				GCC_MODEL_TUNING = G5;
				GCC_NO_COMMON_BLOCKS = YES;
				GCC_SYMBOLS_PRIVATE_EXTERN = YES;
				GCC_WARN_64_TO_32_BIT_CONVERSION = YES;
				GCC_WARN_ABOUT_RETURN_TYPE = YES;
				GCC_WARN_CHECK_SWITCH_STATEMENTS = YES;
				GCC_WARN_MISSING_PARENTHESES = YES;
				GCC_WARN_NON_VIRTUAL_DESTRUCTOR = YES;
				GCC_WARN_TYPECHECK_CALLS_TO_PRINTF = YES;
				GCC_WARN_UNDECLARED_SELECTOR = YES;
				GCC_WARN_UNINITIALIZED_AUTOS = YES;
				GCC_WARN_UNUSED_FUNCTION = YES;
				GCC_WARN_UNUSED_VARIABLE = YES;
				PRODUCT_NAME = "GMSynth";
				SDKROOT = macosx;
				WARNING_CFLAGS = "-Wreorder";
				ZERO_LINK = NO;
			};
			name = Release;
		};
		778A65BA2E908D3188730E43 /* Release */ = {
			isa = XCBuildConfiguration;
			buildSettings = {
				CLANG_CXX_LANGUAGE_STANDARD = "c++17";
				CLANG_CXX_LIBRARY = "libc++";
				CLANG_LINK_OBJC_RUNTIME = NO;
				CODE_SIGN_ENTITLEMENTS = "Shared_Code.entitlements";
				CODE_SIGN_IDENTITY = "-";
				CODE_SIGN_STYLE = Manual;
				COMBINE_HIDPI_IMAGES = YES;
				CONFIGURATION_BUILD_DIR = "$(PROJECT_DIR)/build/$(CONFIGURATION)";
				DEAD_CODE_STRIPPING = YES;
				DEPLOYMENT_POSTPROCESSING = NO;
				ENABLE_HARDENED_RUNTIME = YES;
				EXCLUDED_ARCHS = "";
				GCC_GENERATE_DEBUGGING_SYMBOLS = NO;
				GCC_OPTIMIZATION_LEVEL = 3;
				GCC_PREPROCESSOR_DEFINITIONS = (
					"_NDEBUG=1",
					"NDEBUG=1",
					"JUCE_PROJUCER_VERSION=0x90000",
					"JUCE_MODULE_AVAILABLE_juce_audio_basics=1",
					"JUCE_MODULE_AVAILABLE_juce_audio_devices=1",
					"JUCE_MODULE_AVAILABLE_juce_audio_formats=1",
					"JUCE_MODULE_AVAILABLE_juce_audio_plugin_client=1",
					"JUCE_MODULE_AVAILABLE_juce_audio_processors=1",
					"JUCE_MODULE_AVAILABLE_juce_audio_processors_headless=1",
					"JUCE_MODULE_AVAILABLE_juce_audio_utils=1",
					"JUCE_MODULE_AVAILABLE_juce_core=1",
					"JUCE_MODULE_AVAILABLE_juce_data_structures=1",
					"JUCE_MODULE_AVAILABLE_juce_events=1",
					"JUCE_MODULE_AVAILABLE_juce_graphics=1",
					"JUCE_MODULE_AVAILABLE_juce_gui_basics=1",
					"JUCE_MODULE_AVAILABLE_juce_gui_extra=1",
					"JUCE_GLOBAL_MODULE_SETTINGS_INCLUDED=1",
					"JUCE_VST3_CAN_REPLACE_VST2=0",
					"JUCE_STRICT_REFCOUNTEDPOINTER=1",
					"JucePlugin_Build_VST=0",
					"JucePlugin_Build_VST3=0",
					"JucePlugin_Build_AU=0",
					"JucePlugin_Build_AUv3=1",
					"JucePlugin_Build_AAX=0",
					"JucePlugin_Build_Standalone=1",
					"JucePlugin_Build_Unity=0",
					"JucePlugin_Build_LV2=0",
					"JucePlugin_Enable_IAA=0",
					"JucePlugin_Enable_ARA=0",
					"JucePlugin_Name=\\\"GMSynth\\\"",
					"JucePlugin_Desc=\\\"GMSynth\\\"",
					"JucePlugin_Manufacturer=\\\"STUDIO-R\\\"",
					"JucePlugin_ManufacturerWebsite=\\\"studio-r.tokyo\\\"",
					"JucePlugin_ManufacturerEmail=\\\"\\\"",
					"JucePlugin_ManufacturerCode=0x52696e32",
					"JucePlugin_PluginCode=0x476d5379",
					"JucePlugin_IsSynth=1",
					"JucePlugin_WantsMidiInput=1",
					"JucePlugin_ProducesMidiOutput=0",
					"JucePlugin_IsMidiEffect=0",
					"JucePlugin_EditorRequiresKeyboardFocus=0",
					"JucePlugin_Version=0.0.1",
					"JucePlugin_VersionCode=0x1",
					"JucePlugin_VersionString=\\\"0.0.1\\\"",
					"JucePlugin_VSTUniqueID=JucePlugin_PluginCode",
					"JucePlugin_VSTCategory=kPlugCategSynth",
					"JucePlugin_LV2PluginClass=InstrumentPlugin",
					"JucePlugin_Vst3Category=\\\"Instrument|Synth\\\"",
					"JucePlugin_AUMainType=\\'aumu\\'",
					"JucePlugin_AUSubType=JucePlugin_PluginCode",
					"JucePlugin_AUExportPrefix=GMSynthAU",
					"JucePlugin_AUExportPrefixQuoted=\\\"GMSynthAU\\\"",
					"JucePlugin_AUManufacturerCode=JucePlugin_ManufacturerCode",
					"JucePlugin_CFBundleIdentifier=tokyo.studio-r.gmsynth",
					"JucePlugin_AAXIdentifier=com.STUDIOR.GMSynth",
					"JucePlugin_AAXManufacturerCode=JucePlugin_ManufacturerCode",
					"JucePlugin_AAXProductId=JucePlugin_PluginCode",
					"JucePlugin_AAXCategory=2048",
					"JucePlugin_AAXDisableBypass=0",
					"JucePlugin_AAXDisableMultiMono=0",
					"JucePlugin_IAAType=0x61757269",
					"JucePlugin_IAASubType=JucePlugin_PluginCode",
					"JucePlugin_IAAName=\\\"STUDIO-R:\\ GMSynth\\\"",
					"JucePlugin_VSTNumMidiInputs=16",
					"JucePlugin_VSTNumMidiOutputs=16",
					"JucePlugin_ARAContentTypes=0",
					"JucePlugin_ARATransformationFlags=0",
					"JucePlugin_ARAFactoryID=\\\"com.STUDIOR.GMSynth.factory\\\"",
					"JucePlugin_ARADocumentArchiveID=\\\"com.STUDIOR.GMSynth.aradocumentarchive.0.0.1\\\"",
					"JucePlugin_ARACompatibleArchiveIDs=\\\"\\\"",
					"JucePlugin_MaxNumInputChannels=0",
					"JucePlugin_MaxNumOutputChannels=2",
					"JucePlugin_PreferredChannelConfigurations={0,2}",
					"JUCE_STANDALONE_APPLICATION=JucePlugin_Build_Standalone",
					"JUCER_XCODE_MAC_F6D2F4CF=1",
					"JUCE_APP_VERSION=0.0.1",
					"JUCE_APP_VERSION_HEX=0x1",
					"JUCE_SHARED_CODE=1",
				);
				GCC_VERSION = com.apple.compilers.llvm.clang.1_0;
				HEADER_SEARCH_PATHS = (
					"$(SRCROOT)/../../JuceLibraryCode",
					"$(SRCROOT)/../../external/JUCE/modules",
					"$(SRCROOT)/../../external/fluidsynth/build/include",
					"$(SRCROOT)/../../external/fluidsynth/include",
					"$(SRCROOT)/../../external/JUCE/modules/juce_audio_plugin_client/AU",
					"$(inherited)",
				);
				INSTALL_PATH = "@executable_path/../Frameworks";
				LLVM_LTO = YES;
				MACOSX_DEPLOYMENT_TARGET = 10.13;
				MTL_HEADER_SEARCH_PATHS = "$(SRCROOT)/../../JuceLibraryCode $(SRCROOT)/../../external/JUCE/modules $(SRCROOT)/../../external/fluidsynth/build/include $(SRCROOT)/../../external/fluidsynth/include $(SRCROOT)/../../external/JUCE/modules/juce_audio_plugin_client/AU";
				OTHER_CFLAGS = "$(inherited)";
				OTHER_CPLUSPLUSFLAGS = "$(inherited)";
				OTHER_LDFLAGS = "$(inherited) -L$(SRCROOT)/../../external/fluidsynth/build/src -lfluidsynth";
				PRODUCT_BUNDLE_IDENTIFIER = tokyo.studio-r.gmsynth;
				PRODUCT_NAME = "GMSynth";
				PROVISIONING_PROFILE_SPECIFIER = "";
				SKIP_INSTALL = YES;
				USE_HEADERMAP = NO;
				VALID_ARCHS = "i386 x86_64 arm64 arm64e";
			};
			name = Release;
		};
		7E9303CA8BE79EBABF10AF7B /* Debug */ = {
			isa = XCBuildConfiguration;
			buildSettings = {
				ARCHS = "$(ARCHS_STANDARD_64_BIT)";
				CLANG_CXX_LANGUAGE_STANDARD = "c++17";
				CLANG_CXX_LIBRARY = "libc++";
				CLANG_LINK_OBJC_RUNTIME = NO;
				CODE_SIGN_ENTITLEMENTS = "AUv3_AppExtension.entitlements";
				CODE_SIGN_IDENTITY = "-";
				CODE_SIGN_STYLE = Manual;
				COMBINE_HIDPI_IMAGES = YES;
				CONFIGURATION_BUILD_DIR = "$(PROJECT_DIR)/build/$(CONFIGURATION)";
				COPY_PHASE_STRIP = NO;
				DEPLOYMENT_POSTPROCESSING = NO;
				ENABLE_HARDENED_RUNTIME = YES;
				EXCLUDED_ARCHS = "";
				GCC_DYNAMIC_NO_PIC = NO;
				GCC_OPTIMIZATION_LEVEL = 0;
				GCC_PREPROCESSOR_DEFINITIONS = (
					"_DEBUG=1",
					"DEBUG=1",
					"JUCE_PROJUCER_VERSION=0x90000",
					"JUCE_MODULE_AVAILABLE_juce_audio_basics=1",
					"JUCE_MODULE_AVAILABLE_juce_audio_devices=1",
					"JUCE_MODULE_AVAILABLE_juce_audio_formats=1",
					"JUCE_MODULE_AVAILABLE_juce_audio_plugin_client=1",
					"JUCE_MODULE_AVAILABLE_juce_audio_processors=1",
					"JUCE_MODULE_AVAILABLE_juce_audio_processors_headless=1",
					"JUCE_MODULE_AVAILABLE_juce_audio_utils=1",
					"JUCE_MODULE_AVAILABLE_juce_core=1",
					"JUCE_MODULE_AVAILABLE_juce_data_structures=1",
					"JUCE_MODULE_AVAILABLE_juce_events=1",
					"JUCE_MODULE_AVAILABLE_juce_graphics=1",
					"JUCE_MODULE_AVAILABLE_juce_gui_basics=1",
					"JUCE_MODULE_AVAILABLE_juce_gui_extra=1",
					"JUCE_GLOBAL_MODULE_SETTINGS_INCLUDED=1",
					"JUCE_VST3_CAN_REPLACE_VST2=0",
					"JUCE_STRICT_REFCOUNTEDPOINTER=1",
					"JucePlugin_Build_VST=0",
					"JucePlugin_Build_VST3=0",
					"JucePlugin_Build_AU=0",
					"JucePlugin_Build_AUv3=1",
					"JucePlugin_Build_AAX=0",
					"JucePlugin_Build_Standalone=0",
					"JucePlugin_Build_Unity=0",
					"JucePlugin_Build_LV2=0",
					"JucePlugin_Enable_IAA=0",
					"JucePlugin_Enable_ARA=0",
					"JucePlugin_Name=\\\"GMSynth\\\"",
					"JucePlugin_Desc=\\\"GMSynth\\\"",
					"JucePlugin_Manufacturer=\\\"STUDIO-R\\\"",
					"JucePlugin_ManufacturerWebsite=\\\"studio-r.tokyo\\\"",
					"JucePlugin_ManufacturerEmail=\\\"\\\"",
					"JucePlugin_ManufacturerCode=0x52696e32",
					"JucePlugin_PluginCode=0x476d5379",
					"JucePlugin_IsSynth=1",
					"JucePlugin_WantsMidiInput=1",
					"JucePlugin_ProducesMidiOutput=0",
					"JucePlugin_IsMidiEffect=0",
					"JucePlugin_EditorRequiresKeyboardFocus=0",
					"JucePlugin_Version=0.0.1",
					"JucePlugin_VersionCode=0x1",
					"JucePlugin_VersionString=\\\"0.0.1\\\"",
					"JucePlugin_VSTUniqueID=JucePlugin_PluginCode",
					"JucePlugin_VSTCategory=kPlugCategSynth",
					"JucePlugin_LV2PluginClass=InstrumentPlugin",
					"JucePlugin_Vst3Category=\\\"Instrument|Synth\\\"",
					"JucePlugin_AUMainType=\\'aumu\\'",
					"JucePlugin_AUSubType=JucePlugin_PluginCode",
					"JucePlugin_AUExportPrefix=GMSynthAU",
					"JucePlugin_AUExportPrefixQuoted=\\\"GMSynthAU\\\"",
					"JucePlugin_AUManufacturerCode=JucePlugin_ManufacturerCode",
					"JucePlugin_CFBundleIdentifier=tokyo.studio-r.gmsynth",
					"JucePlugin_AAXIdentifier=com.STUDIOR.GMSynth",
					"JucePlugin_AAXManufacturerCode=JucePlugin_ManufacturerCode",
					"JucePlugin_AAXProductId=JucePlugin_PluginCode",
					"JucePlugin_AAXCategory=2048",
					"JucePlugin_AAXDisableBypass=0",
					"JucePlugin_AAXDisableMultiMono=0",
					"JucePlugin_IAAType=0x61757269",
					"JucePlugin_IAASubType=JucePlugin_PluginCode",
					"JucePlugin_IAAName=\\\"STUDIO-R:\\ GMSynth\\\"",
					"JucePlugin_VSTNumMidiInputs=16",
					"JucePlugin_VSTNumMidiOutputs=16",
					"JucePlugin_ARAContentTypes=0",
					"JucePlugin_ARATransformationFlags=0",
					"JucePlugin_ARAFactoryID=\\\"com.STUDIOR.GMSynth.factory\\\"",
					"JucePlugin_ARADocumentArchiveID=\\\"com.STUDIOR.GMSynth.aradocumentarchive.0.0.1\\\"",
					"JucePlugin_ARACompatibleArchiveIDs=\\\"\\\"",
					"JucePlugin_MaxNumInputChannels=0",
					"JucePlugin_MaxNumOutputChannels=2",
					"JucePlugin_PreferredChannelConfigurations={0,2}",
					"JUCE_STANDALONE_APPLICATION=JucePlugin_Build_Standalone",
					"JUCER_XCODE_MAC_F6D2F4CF=1",
					"JUCE_APP_VERSION=0.0.1",
					"JUCE_APP_VERSION_HEX=0x1",
				);
				GCC_VERSION = com.apple.compilers.llvm.clang.1_0;
				HEADER_SEARCH_PATHS = (
					"$(SRCROOT)/../../JuceLibraryCode",
					"$(SRCROOT)/../../external/JUCE/modules",
					"$(SRCROOT)/../../external/fluidsynth/build/include",
					"$(SRCROOT)/../../external/fluidsynth/include",
					"$(SRCROOT)/../../external/JUCE/modules/juce_audio_plugin_client/AU",
					"$(inherited)",
				);
				INFOPLIST_FILE = Info-AUv3_AppExtension.plist;
				INFOPLIST_PREPROCESS = NO;
				MACOSX_DEPLOYMENT_TARGET = 10.13;
				MTL_HEADER_SEARCH_PATHS = "$(SRCROOT)/../../JuceLibraryCode $(SRCROOT)/../../external/JUCE/modules $(SRCROOT)/../../external/fluidsynth/build/include $(SRCROOT)/../../external/fluidsynth/include $(SRCROOT)/../../external/JUCE/modules/juce_audio_plugin_client/AU";
				OTHER_CFLAGS = "$(inherited)";
				OTHER_CPLUSPLUSFLAGS = "$(inherited)";
				OTHER_LDFLAGS = "$(inherited) -lGMSynth -L$(SRCROOT)/../../external/fluidsynth/build/src -lfluidsynth";
				PRODUCT_BUNDLE_IDENTIFIER = tokyo.studio-r.gmsynth.gmsynthAUv3;
				PRODUCT_NAME = "GMSynth";
				PROVISIONING_PROFILE_SPECIFIER = "";
				USE_HEADERMAP = NO;
				VALID_ARCHS = "i386 x86_64 arm64 arm64e";
			};
			name = Debug;
		};
		832AC55BCF65467DDCAD5C88 /* Release */ = {
			isa = XCBuildConfiguration;
			buildSettings = {
				ARCHS = "$(ARCHS_STANDARD_64_BIT)";
				CLANG_CXX_LANGUAGE_STANDARD = "c++17";
				CLANG_CXX_LIBRARY = "libc++";
				CLANG_LINK_OBJC_RUNTIME = NO;
				CODE_SIGN_ENTITLEMENTS = "AUv3_AppExtension.entitlements";
				CODE_SIGN_IDENTITY = "-";
				CODE_SIGN_STYLE = Manual;
				COMBINE_HIDPI_IMAGES = YES;
				CONFIGURATION_BUILD_DIR = "$(PROJECT_DIR)/build/$(CONFIGURATION)";
				DEAD_CODE_STRIPPING = YES;
				DEPLOYMENT_POSTPROCESSING = NO;
				ENABLE_HARDENED_RUNTIME = YES;
				EXCLUDED_ARCHS = "";
				GCC_GENERATE_DEBUGGING_SYMBOLS = NO;
				GCC_OPTIMIZATION_LEVEL = 3;
				GCC_PREPROCESSOR_DEFINITIONS = (
					"_NDEBUG=1",
					"NDEBUG=1",
					"JUCE_PROJUCER_VERSION=0x90000",
					"JUCE_MODULE_AVAILABLE_juce_audio_basics=1",
					"JUCE_MODULE_AVAILABLE_juce_audio_devices=1",
					"JUCE_MODULE_AVAILABLE_juce_audio_formats=1",
					"JUCE_MODULE_AVAILABLE_juce_audio_plugin_client=1",
					"JUCE_MODULE_AVAILABLE_juce_audio_processors=1",
					"JUCE_MODULE_AVAILABLE_juce_audio_processors_headless=1",
					"JUCE_MODULE_AVAILABLE_juce_audio_utils=1",
					"JUCE_MODULE_AVAILABLE_juce_core=1",
					"JUCE_MODULE_AVAILABLE_juce_data_structures=1",
					"JUCE_MODULE_AVAILABLE_juce_events=1",
					"JUCE_MODULE_AVAILABLE_juce_graphics=1",
					"JUCE_MODULE_AVAILABLE_juce_gui_basics=1",
					"JUCE_MODULE_AVAILABLE_juce_gui_extra=1",
					"JUCE_GLOBAL_MODULE_SETTINGS_INCLUDED=1",
					"JUCE_VST3_CAN_REPLACE_VST2=0",
					"JUCE_STRICT_REFCOUNTEDPOINTER=1",
					"JucePlugin_Build_VST=0",
					"JucePlugin_Build_VST3=0",
					"JucePlugin_Build_AU=0",
					"JucePlugin_Build_AUv3=1",
					"JucePlugin_Build_AAX=0",
					"JucePlugin_Build_Standalone=0",
					"JucePlugin_Build_Unity=0",
					"JucePlugin_Build_LV2=0",
					"JucePlugin_Enable_IAA=0",
					"JucePlugin_Enable_ARA=0",
					"JucePlugin_Name=\\\"GMSynth\\\"",
					"JucePlugin_Desc=\\\"GMSynth\\\"",
					"JucePlugin_Manufacturer=\\\"STUDIO-R\\\"",
					"JucePlugin_ManufacturerWebsite=\\\"studio-r.tokyo\\\"",
					"JucePlugin_ManufacturerEmail=\\\"\\\"",
					"JucePlugin_ManufacturerCode=0x52696e32",
					"JucePlugin_PluginCode=0x476d5379",
					"JucePlugin_IsSynth=1",
					"JucePlugin_WantsMidiInput=1",
					"JucePlugin_ProducesMidiOutput=0",
					"JucePlugin_IsMidiEffect=0",
					"JucePlugin_EditorRequiresKeyboardFocus=0",
					"JucePlugin_Version=0.0.1",
					"JucePlugin_VersionCode=0x1",
					"JucePlugin_VersionString=\\\"0.0.1\\\"",
					"JucePlugin_VSTUniqueID=JucePlugin_PluginCode",
					"JucePlugin_VSTCategory=kPlugCategSynth",
					"JucePlugin_LV2PluginClass=InstrumentPlugin",
					"JucePlugin_Vst3Category=\\\"Instrument|Synth\\\"",
					"JucePlugin_AUMainType=\\'aumu\\'",
					"JucePlugin_AUSubType=JucePlugin_PluginCode",
					"JucePlugin_AUExportPrefix=GMSynthAU",
					"JucePlugin_AUExportPrefixQuoted=\\\"GMSynthAU\\\"",
					"JucePlugin_AUManufacturerCode=JucePlugin_ManufacturerCode",
					"JucePlugin_CFBundleIdentifier=tokyo.studio-r.gmsynth",
					"JucePlugin_AAXIdentifier=com.STUDIOR.GMSynth",
					"JucePlugin_AAXManufacturerCode=JucePlugin_ManufacturerCode",
					"JucePlugin_AAXProductId=JucePlugin_PluginCode",
					"JucePlugin_AAXCategory=2048",
					"JucePlugin_AAXDisableBypass=0",
					"JucePlugin_AAXDisableMultiMono=0",
					"JucePlugin_IAAType=0x61757269",
					"JucePlugin_IAASubType=JucePlugin_PluginCode",
					"JucePlugin_IAAName=\\\"STUDIO-R:\\ GMSynth\\\"",
					"JucePlugin_VSTNumMidiInputs=16",
					"JucePlugin_VSTNumMidiOutputs=16",
					"JucePlugin_ARAContentTypes=0",
					"JucePlugin_ARATransformationFlags=0",
					"JucePlugin_ARAFactoryID=\\\"com.STUDIOR.GMSynth.factory\\\"",
					"JucePlugin_ARADocumentArchiveID=\\\"com.STUDIOR.GMSynth.aradocumentarchive.0.0.1\\\"",
					"JucePlugin_ARACompatibleArchiveIDs=\\\"\\\"",
					"JucePlugin_MaxNumInputChannels=0",
					"JucePlugin_MaxNumOutputChannels=2",
					"JucePlugin_PreferredChannelConfigurations={0,2}",
					"JUCE_STANDALONE_APPLICATION=JucePlugin_Build_Standalone",
					"JUCER_XCODE_MAC_F6D2F4CF=1",
					"JUCE_APP_VERSION=0.0.1",
					"JUCE_APP_VERSION_HEX=0x1",
				);
				GCC_VERSION = com.apple.compilers.llvm.clang.1_0;
				HEADER_SEARCH_PATHS = (
					"$(SRCROOT)/../../JuceLibraryCode",
					"$(SRCROOT)/../../external/JUCE/modules",
					"$(SRCROOT)/../../external/fluidsynth/build/include",
					"$(SRCROOT)/../../external/fluidsynth/include",
					"$(SRCROOT)/../../external/JUCE/modules/juce_audio_plugin_client/AU",
					"$(inherited)",
				);
				INFOPLIST_FILE = Info-AUv3_AppExtension.plist;
				INFOPLIST_PREPROCESS = NO;
				LLVM_LTO = YES;
				MACOSX_DEPLOYMENT_TARGET = 10.13;
				MTL_HEADER_SEARCH_PATHS = "$(SRCROOT)/../../JuceLibraryCode $(SRCROOT)/../../external/JUCE/modules $(SRCROOT)/../../external/fluidsynth/build/include $(SRCROOT)/../../external/fluidsynth/include $(SRCROOT)/../../external/JUCE/modules/juce_audio_plugin_client/AU";
				OTHER_CFLAGS = "$(inherited)";
				OTHER_CPLUSPLUSFLAGS = "$(inherited)";
				OTHER_LDFLAGS = "$(inherited) -lGMSynth -L$(SRCROOT)/../../external/fluidsynth/build/src -lfluidsynth";
				PRODUCT_BUNDLE_IDENTIFIER = tokyo.studio-r.gmsynth.gmsynthAUv3;
				PRODUCT_NAME = "GMSynth";
				PROVISIONING_PROFILE_SPECIFIER = "";
				USE_HEADERMAP = NO;
				VALID_ARCHS = "i386 x86_64 arm64 arm64e";
			};
			name = Release;
		};
		B984B85F58DB66A267A24BAC /* Debug */ = {
			isa = XCBuildConfiguration;
			buildSettings = {
				CLANG_CXX_LANGUAGE_STANDARD = "c++17";
				CLANG_CXX_LIBRARY = "libc++";
				CLANG_LINK_OBJC_RUNTIME = NO;
				CODE_SIGN_ENTITLEMENTS = "Shared_Code.entitlements";
				CODE_SIGN_IDENTITY = "-";
				CODE_SIGN_STYLE = Manual;
				COMBINE_HIDPI_IMAGES = YES;
				CONFIGURATION_BUILD_DIR = "$(PROJECT_DIR)/build/$(CONFIGURATION)";
				COPY_PHASE_STRIP = NO;
				DEPLOYMENT_POSTPROCESSING = NO;
				ENABLE_HARDENED_RUNTIME = YES;
				EXCLUDED_ARCHS = "";
				GCC_DYNAMIC_NO_PIC = NO;
				GCC_OPTIMIZATION_LEVEL = 0;
				GCC_PREPROCESSOR_DEFINITIONS = (
					"_DEBUG=1",
					"DEBUG=1",
					"JUCE_PROJUCER_VERSION=0x90000",
					"JUCE_MODULE_AVAILABLE_juce_audio_basics=1",
					"JUCE_MODULE_AVAILABLE_juce_audio_devices=1",
					"JUCE_MODULE_AVAILABLE_juce_audio_formats=1",
					"JUCE_MODULE_AVAILABLE_juce_audio_plugin_client=1",
					"JUCE_MODULE_AVAILABLE_juce_audio_processors=1",
					"JUCE_MODULE_AVAILABLE_juce_audio_processors_headless=1",
					"JUCE_MODULE_AVAILABLE_juce_audio_utils=1",
					"JUCE_MODULE_AVAILABLE_juce_core=1",
					"JUCE_MODULE_AVAILABLE_juce_data_structures=1",
					"JUCE_MODULE_AVAILABLE_juce_events=1",
					"JUCE_MODULE_AVAILABLE_juce_graphics=1",
					"JUCE_MODULE_AVAILABLE_juce_gui_basics=1",
					"JUCE_MODULE_AVAILABLE_juce_gui_extra=1",
					"JUCE_GLOBAL_MODULE_SETTINGS_INCLUDED=1",
					"JUCE_VST3_CAN_REPLACE_VST2=0",
					"JUCE_STRICT_REFCOUNTEDPOINTER=1",
					"JucePlugin_Build_VST=0",
					"JucePlugin_Build_VST3=0",
					"JucePlugin_Build_AU=0",
					"JucePlugin_Build_AUv3=1",
					"JucePlugin_Build_AAX=0",
					"JucePlugin_Build_Standalone=1",
					"JucePlugin_Build_Unity=0",
					"JucePlugin_Build_LV2=0",
					"JucePlugin_Enable_IAA=0",
					"JucePlugin_Enable_ARA=0",
					"JucePlugin_Name=\\\"GMSynth\\\"",
					"JucePlugin_Desc=\\\"GMSynth\\\"",
					"JucePlugin_Manufacturer=\\\"STUDIO-R\\\"",
					"JucePlugin_ManufacturerWebsite=\\\"studio-r.tokyo\\\"",
					"JucePlugin_ManufacturerEmail=\\\"\\\"",
					"JucePlugin_ManufacturerCode=0x52696e32",
					"JucePlugin_PluginCode=0x476d5379",
					"JucePlugin_IsSynth=1",
					"JucePlugin_WantsMidiInput=1",
					"JucePlugin_ProducesMidiOutput=0",
					"JucePlugin_IsMidiEffect=0",
					"JucePlugin_EditorRequiresKeyboardFocus=0",
					"JucePlugin_Version=0.0.1",
					"JucePlugin_VersionCode=0x1",
					"JucePlugin_VersionString=\\\"0.0.1\\\"",
					"JucePlugin_VSTUniqueID=JucePlugin_PluginCode",
					"JucePlugin_VSTCategory=kPlugCategSynth",
					"JucePlugin_LV2PluginClass=InstrumentPlugin",
					"JucePlugin_Vst3Category=\\\"Instrument|Synth\\\"",
					"JucePlugin_AUMainType=\\'aumu\\'",
					"JucePlugin_AUSubType=JucePlugin_PluginCode",
					"JucePlugin_AUExportPrefix=GMSynthAU",
					"JucePlugin_AUExportPrefixQuoted=\\\"GMSynthAU\\\"",
					"JucePlugin_AUManufacturerCode=JucePlugin_ManufacturerCode",
					"JucePlugin_CFBundleIdentifier=tokyo.studio-r.gmsynth",
					"JucePlugin_AAXIdentifier=com.STUDIOR.GMSynth",
					"JucePlugin_AAXManufacturerCode=JucePlugin_ManufacturerCode",
					"JucePlugin_AAXProductId=JucePlugin_PluginCode",
					"JucePlugin_AAXCategory=2048",
					"JucePlugin_AAXDisableBypass=0",
					"JucePlugin_AAXDisableMultiMono=0",
					"JucePlugin_IAAType=0x61757269",
					"JucePlugin_IAASubType=JucePlugin_PluginCode",
					"JucePlugin_IAAName=\\\"STUDIO-R:\\ GMSynth\\\"",
					"JucePlugin_VSTNumMidiInputs=16",
					"JucePlugin_VSTNumMidiOutputs=16",
					"JucePlugin_ARAContentTypes=0",
					"JucePlugin_ARATransformationFlags=0",
					"JucePlugin_ARAFactoryID=\\\"com.STUDIOR.GMSynth.factory\\\"",
					"JucePlugin_ARADocumentArchiveID=\\\"com.STUDIOR.GMSynth.aradocumentarchive.0.0.1\\\"",
					"JucePlugin_ARACompatibleArchiveIDs=\\\"\\\"",
					"JucePlugin_MaxNumInputChannels=0",
					"JucePlugin_MaxNumOutputChannels=2",
					"JucePlugin_PreferredChannelConfigurations={0,2}",
					"JUCE_STANDALONE_APPLICATION=JucePlugin_Build_Standalone",
					"JUCER_XCODE_MAC_F6D2F4CF=1",
					"JUCE_APP_VERSION=0.0.1",
					"JUCE_APP_VERSION_HEX=0x1",
					"JUCE_SHARED_CODE=1",
				);
				GCC_VERSION = com.apple.compilers.llvm.clang.1_0;
				HEADER_SEARCH_PATHS = (
					"$(SRCROOT)/../../JuceLibraryCode",
					"$(SRCROOT)/../../external/JUCE/modules",
					"$(SRCROOT)/../../external/fluidsynth/build/include",
					"$(SRCROOT)/../../external/fluidsynth/include",
					"$(SRCROOT)/../../external/JUCE/modules/juce_audio_plugin_client/AU",
					"$(inherited)",
				);
				INSTALL_PATH = "@executable_path/../Frameworks";
				MACOSX_DEPLOYMENT_TARGET = 10.13;
				MTL_HEADER_SEARCH_PATHS = "$(SRCROOT)/../../JuceLibraryCode $(SRCROOT)/../../external/JUCE/modules $(SRCROOT)/../../external/fluidsynth/build/include $(SRCROOT)/../../external/fluidsynth/include $(SRCROOT)/../../external/JUCE/modules/juce_audio_plugin_client/AU";
				OTHER_CFLAGS = "$(inherited)";
				OTHER_CPLUSPLUSFLAGS = "$(inherited)";
				OTHER_LDFLAGS = "$(inherited) -L$(SRCROOT)/../../external/fluidsynth/build/src -lfluidsynth";
				PRODUCT_BUNDLE_IDENTIFIER = tokyo.studio-r.gmsynth;
				PRODUCT_NAME = "GMSynth";
				PROVISIONING_PROFILE_SPECIFIER = "";
				SKIP_INSTALL = YES;
				USE_HEADERMAP = NO;
				VALID_ARCHS = "i386 x86_64 arm64 arm64e";
			};
			name = Debug;
		};
		E84A464CC1CD2F5EB039555A /* Release */ = {
			isa = XCBuildConfiguration;
			buildSettings = {
				CLANG_CXX_LANGUAGE_STANDARD = "c++17";
				CLANG_CXX_LIBRARY = "libc++";
				CLANG_LINK_OBJC_RUNTIME = NO;
				CODE_SIGN_ENTITLEMENTS = "Standalone_Plugin.entitlements";
				CODE_SIGN_IDENTITY = "-";
				CODE_SIGN_STYLE = Manual;
				COMBINE_HIDPI_IMAGES = YES;
				CONFIGURATION_BUILD_DIR = "$(PROJECT_DIR)/build/$(CONFIGURATION)";
				DEAD_CODE_STRIPPING = YES;
				DEPLOYMENT_POSTPROCESSING = NO;
				ENABLE_HARDENED_RUNTIME = YES;
				EXCLUDED_ARCHS = "";
				GCC_GENERATE_DEBUGGING_SYMBOLS = NO;
				GCC_OPTIMIZATION_LEVEL = 3;
				GCC_PREPROCESSOR_DEFINITIONS = (
					"_NDEBUG=1",
					"NDEBUG=1",
					"JUCE_PROJUCER_VERSION=0x90000",
					"JUCE_MODULE_AVAILABLE_juce_audio_basics=1",
					"JUCE_MODULE_AVAILABLE_juce_audio_devices=1",
					"JUCE_MODULE_AVAILABLE_juce_audio_formats=1",
					"JUCE_MODULE_AVAILABLE_juce_audio_plugin_client=1",
					"JUCE_MODULE_AVAILABLE_juce_audio_processors=1",
					"JUCE_MODULE_AVAILABLE_juce_audio_processors_headless=1",
					"JUCE_MODULE_AVAILABLE_juce_audio_utils=1",
					"JUCE_MODULE_AVAILABLE_juce_core=1",
					"JUCE_MODULE_AVAILABLE_juce_data_structures=1",
					"JUCE_MODULE_AVAILABLE_juce_events=1",
					"JUCE_MODULE_AVAILABLE_juce_graphics=1",
					"JUCE_MODULE_AVAILABLE_juce_gui_basics=1",
					"JUCE_MODULE_AVAILABLE_juce_gui_extra=1",
					"JUCE_GLOBAL_MODULE_SETTINGS_INCLUDED=1",
					"JUCE_VST3_CAN_REPLACE_VST2=0",
					"JUCE_STRICT_REFCOUNTEDPOINTER=1",
					"JucePlugin_Build_VST=0",
					"JucePlugin_Build_VST3=0",
					"JucePlugin_Build_AU=0",
					"JucePlugin_Build_AUv3=0",
					"JucePlugin_Build_AAX=0",
					"JucePlugin_Build_Standalone=1",
					"JucePlugin_Build_Unity=0",
					"JucePlugin_Build_LV2=0",
					"JucePlugin_Enable_IAA=0",
					"JucePlugin_Enable_ARA=0",
					"JucePlugin_Name=\\\"GMSynth\\\"",
					"JucePlugin_Desc=\\\"GMSynth\\\"",
					"JucePlugin_Manufacturer=\\\"STUDIO-R\\\"",
					"JucePlugin_ManufacturerWebsite=\\\"studio-r.tokyo\\\"",
					"JucePlugin_ManufacturerEmail=\\\"\\\"",
					"JucePlugin_ManufacturerCode=0x52696e32",
					"JucePlugin_PluginCode=0x476d5379",
					"JucePlugin_IsSynth=1",
					"JucePlugin_WantsMidiInput=1",
					"JucePlugin_ProducesMidiOutput=0",
					"JucePlugin_IsMidiEffect=0",
					"JucePlugin_EditorRequiresKeyboardFocus=0",
					"JucePlugin_Version=0.0.1",
					"JucePlugin_VersionCode=0x1",
					"JucePlugin_VersionString=\\\"0.0.1\\\"",
					"JucePlugin_VSTUniqueID=JucePlugin_PluginCode",
					"JucePlugin_VSTCategory=kPlugCategSynth",
					"JucePlugin_LV2PluginClass=InstrumentPlugin",
					"JucePlugin_Vst3Category=\\\"Instrument|Synth\\\"",
					"JucePlugin_AUMainType=\\'aumu\\'",
					"JucePlugin_AUSubType=JucePlugin_PluginCode",
					"JucePlugin_AUExportPrefix=GMSynthAU",
					"JucePlugin_AUExportPrefixQuoted=\\\"GMSynthAU\\\"",
					"JucePlugin_AUManufacturerCode=JucePlugin_ManufacturerCode",
					"JucePlugin_CFBundleIdentifier=tokyo.studio-r.gmsynth",
					"JucePlugin_AAXIdentifier=com.STUDIOR.GMSynth",
					"JucePlugin_AAXManufacturerCode=JucePlugin_ManufacturerCode",
					"JucePlugin_AAXProductId=JucePlugin_PluginCode",
					"JucePlugin_AAXCategory=2048",
					"JucePlugin_AAXDisableBypass=0",
					"JucePlugin_AAXDisableMultiMono=0",
					"JucePlugin_IAAType=0x61757269",
					"JucePlugin_IAASubType=JucePlugin_PluginCode",
					"JucePlugin_IAAName=\\\"STUDIO-R:\\ GMSynth\\\"",
					"JucePlugin_VSTNumMidiInputs=16",
					"JucePlugin_VSTNumMidiOutputs=16",
					"JucePlugin_ARAContentTypes=0",
					"JucePlugin_ARATransformationFlags=0",
					"JucePlugin_ARAFactoryID=\\\"com.STUDIOR.GMSynth.factory\\\"",
					"JucePlugin_ARADocumentArchiveID=\\\"com.STUDIOR.GMSynth.aradocumentarchive.0.0.1\\\"",
					"JucePlugin_ARACompatibleArchiveIDs=\\\"\\\"",
					"JucePlugin_MaxNumInputChannels=0",
					"JucePlugin_MaxNumOutputChannels=2",
					"JucePlugin_PreferredChannelConfigurations={0,2}",
					"JUCE_STANDALONE_APPLICATION=JucePlugin_Build_Standalone",
					"JUCER_XCODE_MAC_F6D2F4CF=1",
					"JUCE_APP_VERSION=0.0.1",
					"JUCE_APP_VERSION_HEX=0x1",
				);
				GCC_VERSION = com.apple.compilers.llvm.clang.1_0;
				HEADER_SEARCH_PATHS = (
					"$(SRCROOT)/../../JuceLibraryCode",
					"$(SRCROOT)/../../external/JUCE/modules",
					"$(SRCROOT)/../../external/fluidsynth/build/include",
					"$(SRCROOT)/../../external/fluidsynth/include",
					"$(SRCROOT)/../../external/JUCE/modules/juce_audio_plugin_client/AU",
					"$(inherited)",
				);
				INFOPLIST_FILE = Info-Standalone_Plugin.plist;
				INFOPLIST_PREPROCESS = NO;
				LLVM_LTO = YES;
				MACOSX_DEPLOYMENT_TARGET = 10.13;
				MTL_HEADER_SEARCH_PATHS = "$(SRCROOT)/../../JuceLibraryCode $(SRCROOT)/../../external/JUCE/modules $(SRCROOT)/../../external/fluidsynth/build/include $(SRCROOT)/../../external/fluidsynth/include $(SRCROOT)/../../external/JUCE/modules/juce_audio_plugin_client/AU";
				OTHER_CFLAGS = "$(inherited)";
				OTHER_CPLUSPLUSFLAGS = "$(inherited)";
				OTHER_LDFLAGS = "$(inherited) -lGMSynth -L$(SRCROOT)/../../external/fluidsynth/build/src -lfluidsynth";
				PRODUCT_BUNDLE_IDENTIFIER = tokyo.studio-r.gmsynth;
				PRODUCT_NAME = "GMSynth";
				PROVISIONING_PROFILE_SPECIFIER = "";
				USE_HEADERMAP = NO;
				VALID_ARCHS = "i386 x86_64 arm64 arm64e";
			};
			name = Release;
		};
/* End XCBuildConfiguration section */

/* Begin XCConfigurationList section */
		760925AD6999FC4CFA8B7FAD = {
			isa = XCConfigurationList;
			buildConfigurations = (
				0046144DA9329FFE0070A7BA,
				E84A464CC1CD2F5EB039555A,
			);
			defaultConfigurationIsVisible = 0;
			defaultConfigurationName = Debug;
		};
		8AD0A86CC96E12AD96C6B54D = {
			isa = XCConfigurationList;
			buildConfigurations = (
				B984B85F58DB66A267A24BAC,
				778A65BA2E908D3188730E43,
			);
			defaultConfigurationIsVisible = 0;
			defaultConfigurationName = Debug;
		};
		BFD6A6C9AF9EEA33F1942307 = {
			isa = XCConfigurationList;
			buildConfigurations = (
				1ED4A2E782F357C36E3BD046,
				114B196B64898CF701F7B794,
			);
			defaultConfigurationIsVisible = 0;
			defaultConfigurationName = Debug;
		};
		F3F34BB0C799C445949AA00F = {
			isa = XCConfigurationList;
			buildConfigurations = (
				7E9303CA8BE79EBABF10AF7B,
				832AC55BCF65467DDCAD5C88,
			);
			defaultConfigurationIsVisible = 0;
			defaultConfigurationName = Debug;
		};
		FAD80D123924510BEAB1247C = {
			isa = XCConfigurationList;
			buildConfigurations = (
				313D7E720F0318AEFED795C2,
				4AEC4493EB5A700842A4D77F,
			);
			defaultConfigurationIsVisible = 0;
			defaultConfigurationName = Debug;
		};
/* End XCConfigurationList section */
	};
	rootObject = 6DBCDAF91010C8AB30F5BAD5 /* Project object */;
}
